// !$*UTF8*$!
{
	archiveVersion = 1;
	classes = {
	};
	objectVersion = 90;
	objects = {

/* Begin PBXBuildFile section */
		206592142DFF50FD00B93819 /* ScreenTimeStatusInfoTests.swift in Sources */ = {isa = PBXBuildFile; fileRef = 206592132DFF50FD00B93819 /* ScreenTimeStatusInfoTests.swift */; };
		2071C4982DE43AC800DF737F /* Assets.xcassets in Resources */ = {isa = PBXBuildFile; fileRef = 2071C4972DE43AC800DF737F /* Assets.xcassets */; };
		2071C49B2DE43AC800DF737F /* Preview Assets.xcassets in Resources */ = {isa = PBXBuildFile; fileRef = 2071C49A2DE43AC800DF737F /* Preview Assets.xcassets */; };
		2071C4AF2DE43AC800DF737F /* IntentionsUITests.swift in Sources */ = {isa = PBXBuildFile; fileRef = 2071C4AE2DE43AC800DF737F /* IntentionsUITests.swift */; };
		2071C4B12DE43AC800DF737F /* IntentionsUITestsLaunchTests.swift in Sources */ = {isa = PBXBuildFile; fileRef = 2071C4B02DE43AC800DF737F /* IntentionsUITestsLaunchTests.swift */; };
		207E14562E90881E00730900 /* ManagedSettings.framework in Frameworks */ = {isa = PBXBuildFile; fileRef = 207E14552E90881E00730900 /* ManagedSettings.framework */; };
		207E14582E90881E00730900 /* ManagedSettingsUI.framework in Frameworks */ = {isa = PBXBuildFile; fileRef = 207E14572E90881E00730900 /* ManagedSettingsUI.framework */; };
		207E14602E90881E00730900 /* IntentionsShieldConfiguration.appex in Embed Foundation Extensions */ = {isa = PBXBuildFile; fileRef = 207E14542E90881E00730900 /* IntentionsShieldConfiguration.appex */; settings = {ATTRIBUTES = (RemoveHeadersOnCopy, ); }; };
		207E146A2E90883400730900 /* ManagedSettings.framework in Frameworks */ = {isa = PBXBuildFile; fileRef = 207E14552E90881E00730900 /* ManagedSettings.framework */; };
		207E14722E90883400730900 /* IntentionsShieldAction.appex in Embed Foundation Extensions */ = {isa = PBXBuildFile; fileRef = 207E14692E90883300730900 /* IntentionsShieldAction.appex */; settings = {ATTRIBUTES = (RemoveHeadersOnCopy, ); }; };
		207E14802E9B6A4E00730900 /* NotificationService.swift in Sources */ = {isa = PBXBuildFile; fileRef = 207E147F2E9B6A4E00730900 /* NotificationService.swift */; };
		207E14842E9B6AC000730900 /* NotificationSettings.swift in Sources */ = {isa = PBXBuildFile; fileRef = 207E14832E9B6AC000730900 /* NotificationSettings.swift */; };
		207E148B2E9F5D8500730900 /* DeviceActivity.framework in Frameworks */ = {isa = PBXBuildFile; fileRef = 207E148A2E9F5D8500730900 /* DeviceActivity.framework */; };
		207E14932E9F5D8600730900 /* IntentionsDeviceActivityMonitor.appex in Embed Foundation Extensions */ = {isa = PBXBuildFile; fileRef = 207E14892E9F5D8500730900 /* IntentionsDeviceActivityMonitor.appex */; settings = {ATTRIBUTES = (RemoveHeadersOnCopy, ); }; };
		2085A8E32DF55A060011EB9A /* IntentionsSession.swift in Sources */ = {isa = PBXBuildFile; fileRef = 2085A8E22DF55A060011EB9A /* IntentionsSession.swift */; };
		2085A8E52DF55A2A0011EB9A /* ScheduleSettings.swift in Sources */ = {isa = PBXBuildFile; fileRef = 2085A8E42DF55A250011EB9A /* ScheduleSettings.swift */; };
		2085A8E92DF55AA90011EB9A /* AppError.swift in Sources */ = {isa = PBXBuildFile; fileRef = 2085A8E82DF55AA90011EB9A /* AppError.swift */; };
		2085A8ED2DF55F7A0011EB9A /* IntentionSessionTests.swift in Sources */ = {isa = PBXBuildFile; fileRef = 2085A8EC2DF55F7A0011EB9A /* IntentionSessionTests.swift */; };
		2085A8EF2DF55F820011EB9A /* ScheduleSettingsTests.swift in Sources */ = {isa = PBXBuildFile; fileRef = 2085A8EE2DF55F820011EB9A /* ScheduleSettingsTests.swift */; };
		2085A8F12DF55F980011EB9A /* WeekdayTests.swift in Sources */ = {isa = PBXBuildFile; fileRef = 2085A8F02DF55F980011EB9A /* WeekdayTests.swift */; };
		2085A8F32DF55FAF0011EB9A /* AppErrorTests.swift in Sources */ = {isa = PBXBuildFile; fileRef = 2085A8F22DF55FAF0011EB9A /* AppErrorTests.swift */; };
		2085A8F72DF5857E0011EB9A /* ScreenTimeManaging.swift in Sources */ = {isa = PBXBuildFile; fileRef = 2085A8F62DF5857E0011EB9A /* ScreenTimeManaging.swift */; };
		2085A8F92DF585A90011EB9A /* ScreenTimeService.swift in Sources */ = {isa = PBXBuildFile; fileRef = 2085A8F82DF585A90011EB9A /* ScreenTimeService.swift */; };
		2085A8FF2DF6D2D40011EB9A /* ScreenTimeStatusInfo.swift in Sources */ = {isa = PBXBuildFile; fileRef = 2085A8FE2DF6D2D40011EB9A /* ScreenTimeStatusInfo.swift */; };
		2085A9022DF6D2EB0011EB9A /* MockScreenTimeService.swift in Sources */ = {isa = PBXBuildFile; fileRef = 2085A9012DF6D2EB0011EB9A /* MockScreenTimeService.swift */; };
		2085A9072DF6D5D20011EB9A /* ScreenTimeServiceTests.swift in Sources */ = {isa = PBXBuildFile; fileRef = 2085A9062DF6D5D20011EB9A /* ScreenTimeServiceTests.swift */; };
		2085A90C2DFACD350011EB9A /* MockScreenTimeServiceTests.swift in Sources */ = {isa = PBXBuildFile; fileRef = 2085A90B2DFACD350011EB9A /* MockScreenTimeServiceTests.swift */; };
		2085A9142DFF4B180011EB9A /* ApplicationExtension.swift in Sources */ = {isa = PBXBuildFile; fileRef = 2085A9132DFF4B160011EB9A /* ApplicationExtension.swift */; };
		2092FF062DF1921C0055A01D /* FamilyControls.framework in Frameworks */ = {isa = PBXBuildFile; fileRef = 2092FF052DF1921C0055A01D /* FamilyControls.framework */; };
		20A34CA32F86EAEC00535175 /* ScheduleSettingsView.swift in Sources */ = {isa = PBXBuildFile; fileRef = 20A34CA22F86EAEC00535175 /* ScheduleSettingsView.swift */; };
		20A34CA42F86EAEC00535175 /* NotificationSettingsView.swift in Sources */ = {isa = PBXBuildFile; fileRef = 20A34CA12F86EAEC00535175 /* NotificationSettingsView.swift */; };
		20A357172F89B58B00535175 /* SharedConstants.swift in Sources */ = {isa = PBXBuildFile; fileRef = 20A357162F89B58B00535175 /* SharedConstants.swift */; };
		20A357182F89B58B00535175 /* SharedConstants.swift in Sources */ = {isa = PBXBuildFile; fileRef = 20A357162F89B58B00535175 /* SharedConstants.swift */; };
		20A3598D2F8B771800535175 /* IntentionQuoteEditorView.swift in Sources */ = {isa = PBXBuildFile; fileRef = 20A3598C2F8B771800535175 /* IntentionQuoteEditorView.swift */; };
		20A3598F2F8B798B00535175 /* GreyscaleGuideView.swift in Sources */ = {isa = PBXBuildFile; fileRef = 20A3598E2F8B798B00535175 /* GreyscaleGuideView.swift */; };
		20A359AB2F8B9B2700535175 /* QuickActionsViewModelTests.swift in Sources */ = {isa = PBXBuildFile; fileRef = 20A359A92F8B9B2700535175 /* QuickActionsViewModelTests.swift */; };
		20A359AC2F8B9B2700535175 /* SetupCoordinatorTests.swift in Sources */ = {isa = PBXBuildFile; fileRef = 20A359AA2F8B9B2700535175 /* SetupCoordinatorTests.swift */; };
		20A359AE2F8B9B3300535175 /* NotificationSettingsTests.swift in Sources */ = {isa = PBXBuildFile; fileRef = 20A359AD2F8B9B3300535175 /* NotificationSettingsTests.swift */; };
		20D0E5002E7BF74700C8BB70 /* DisableBlockingConfirmationView.swift in Sources */ = {isa = PBXBuildFile; fileRef = 20D0E4FF2E7BF74700C8BB70 /* DisableBlockingConfirmationView.swift */; };
		20EB26512E13228E00FC4BE4 /* PersistentModels.swift in Sources */ = {isa = PBXBuildFile; fileRef = 20EB26502E13228E00FC4BE4 /* PersistentModels.swift */; };
		20EB26532E13229900FC4BE4 /* DataPersistingService.swift in Sources */ = {isa = PBXBuildFile; fileRef = 20EB26522E13229900FC4BE4 /* DataPersistingService.swift */; };
		20EB26552E1322A400FC4BE4 /* MockDataPersistenceService.swift in Sources */ = {isa = PBXBuildFile; fileRef = 20EB26542E1322A400FC4BE4 /* MockDataPersistenceService.swift */; };
		20EB26572E1322B200FC4BE4 /* DataPersistenceServiceTests.swift in Sources */ = {isa = PBXBuildFile; fileRef = 20EB26562E1322B200FC4BE4 /* DataPersistenceServiceTests.swift */; };
		20EB26592E1322C900FC4BE4 /* DataPersistenceIntegrationTests.swift in Sources */ = {isa = PBXBuildFile; fileRef = 20EB26582E1322C900FC4BE4 /* DataPersistenceIntegrationTests.swift */; };
		20EB265B2E146E4400FC4BE4 /* MockDataPersistenceServiceTests.swift in Sources */ = {isa = PBXBuildFile; fileRef = 20EB265A2E146E4400FC4BE4 /* MockDataPersistenceServiceTests.swift */; };
		20EB265D2E1EF9A800FC4BE4 /* Constants.swift in Sources */ = {isa = PBXBuildFile; fileRef = 20EB265C2E1EF9A800FC4BE4 /* Constants.swift */; };
		20EB265F2E21A34600FC4BE4 /* ContentViewModel.swift in Sources */ = {isa = PBXBuildFile; fileRef = 20EB265E2E21A34600FC4BE4 /* ContentViewModel.swift */; };
		20EB26632E21A3E900FC4BE4 /* HomeView.swift in Sources */ = {isa = PBXBuildFile; fileRef = 20EB26612E21A3E900FC4BE4 /* HomeView.swift */; };
		20EB26672E21A3F300FC4BE4 /* SettingsView.swift in Sources */ = {isa = PBXBuildFile; fileRef = 20EB26662E21A3F300FC4BE4 /* SettingsView.swift */; };
		20EB266A2E22F25A00FC4BE4 /* ContentViewModelTests.swift in Sources */ = {isa = PBXBuildFile; fileRef = 20EB26682E22F25A00FC4BE4 /* ContentViewModelTests.swift */; };
		20EB26882E258CDB00FC4BE4 /* SettingsViewModelTests.swift in Sources */ = {isa = PBXBuildFile; fileRef = 20EB26862E258CDB00FC4BE4 /* SettingsViewModelTests.swift */; };
		20EB268B2E258CE600FC4BE4 /* SettingsIntegrationTests.swift in Sources */ = {isa = PBXBuildFile; fileRef = 20EB26892E258CE600FC4BE4 /* SettingsIntegrationTests.swift */; };
		20EB268F2E258D5700FC4BE4 /* SettingsViewModel.swift in Sources */ = {isa = PBXBuildFile; fileRef = 20EB268D2E258D5700FC4BE4 /* SettingsViewModel.swift */; };
		20EB26A22E31743F00FC4BE4 /* ContentViewTests.swift in Sources */ = {isa = PBXBuildFile; fileRef = 20EB269E2E31743F00FC4BE4 /* ContentViewTests.swift */; };
		20EB26A32E31743F00FC4BE4 /* HomeViewTests.swift in Sources */ = {isa = PBXBuildFile; fileRef = 20EB269F2E31743F00FC4BE4 /* HomeViewTests.swift */; };
		20EB26A82E32BF9100FC4BE4 /* SessionStatusViewModel.swift in Sources */ = {isa = PBXBuildFile; fileRef = 20EB26A62E32BF9100FC4BE4 /* SessionStatusViewModel.swift */; };
		20EB26AE2E32BF9D00FC4BE4 /* SessionStatusViewModelTests.swift in Sources */ = {isa = PBXBuildFile; fileRef = 20EB26AC2E32BF9D00FC4BE4 /* SessionStatusViewModelTests.swift */; };
		20EB27002E4D5FAA00FC4BE4 /* SessionStatusView.swift in Sources */ = {isa = PBXBuildFile; fileRef = 20EB26FF2E4D5FAA00FC4BE4 /* SessionStatusView.swift */; };
		20EB27062E695DA000FC4BE4 /* QuickAction.swift in Sources */ = {isa = PBXBuildFile; fileRef = 20EB27052E695DA000FC4BE4 /* QuickAction.swift */; };
		20EB27092E695DB000FC4BE4 /* QuickActionEditorSheet.swift in Sources */ = {isa = PBXBuildFile; fileRef = 20EB27072E695DB000FC4BE4 /* QuickActionEditorSheet.swift */; };
		20EB270A2E695DB000FC4BE4 /* QuickActionsView.swift in Sources */ = {isa = PBXBuildFile; fileRef = 20EB27082E695DB000FC4BE4 /* QuickActionsView.swift */; };
		20EB270D2E695DC400FC4BE4 /* NavigationStateManager.swift in Sources */ = {isa = PBXBuildFile; fileRef = 20EB270B2E695DC400FC4BE4 /* NavigationStateManager.swift */; };
		20EB270E2E695DC400FC4BE4 /* QuickActionsViewModel.swift in Sources */ = {isa = PBXBuildFile; fileRef = 20EB270C2E695DC400FC4BE4 /* QuickActionsViewModel.swift */; };
		20EB27152E6C057700FC4BE4 /* WidgetKit.framework in Frameworks */ = {isa = PBXBuildFile; fileRef = 20EB27142E6C057700FC4BE4 /* WidgetKit.framework */; };
		20EB27172E6C057700FC4BE4 /* SwiftUI.framework in Frameworks */ = {isa = PBXBuildFile; fileRef = 20EB27162E6C057700FC4BE4 /* SwiftUI.framework */; };
		20EB27262E6C057B00FC4BE4 /* IntentionsWidgetExtension.appex in Embed Foundation Extensions */ = {isa = PBXBuildFile; fileRef = 20EB27132E6C057700FC4BE4 /* IntentionsWidgetExtension.appex */; settings = {ATTRIBUTES = (RemoveHeadersOnCopy, ); }; };
		20EB272E2E6D066100FC4BE4 /* SetupState.swift in Sources */ = {isa = PBXBuildFile; fileRef = 20EB272D2E6D066100FC4BE4 /* SetupState.swift */; };
		20EB27302E6D06B500FC4BE4 /* SetupCoordinator.swift in Sources */ = {isa = PBXBuildFile; fileRef = 20EB272F2E6D06B500FC4BE4 /* SetupCoordinator.swift */; };
		20EB27352E6D06DC00FC4BE4 /* ScreenTimeAuthorizationStepView.swift in Sources */ = {isa = PBXBuildFile; fileRef = 20EB27322E6D06DC00FC4BE4 /* ScreenTimeAuthorizationStepView.swift */; };
		20EB27372E6D06DC00FC4BE4 /* SetupFlowView.swift in Sources */ = {isa = PBXBuildFile; fileRef = 20EB27332E6D06DC00FC4BE4 /* SetupFlowView.swift */; };
		20EB27392E6D070A00FC4BE4 /* SetupStateManager.swift in Sources */ = {isa = PBXBuildFile; fileRef = 20EB27382E6D070A00FC4BE4 /* SetupStateManager.swift */; };
		20EB273F2E6EE46500FC4BE4 /* SetupLandingView.swift in Sources */ = {isa = PBXBuildFile; fileRef = 20EB273E2E6EE46500FC4BE4 /* SetupLandingView.swift */; };
		20FAEEEA2EE3DD3400E75AE0 /* IntentionsApp.swift in Sources */ = {isa = PBXBuildFile; fileRef = 20FAEEE92EE3DD3400E75AE0 /* IntentionsApp.swift */; };
		20FAEEEC2EE3DDAD00E75AE0 /* ContentView.swift in Sources */ = {isa = PBXBuildFile; fileRef = 20FAEEEB2EE3DDAD00E75AE0 /* ContentView.swift */; };
		20FAEEEE2EE502B900E75AE0 /* AlwaysAllowedInfoStepView.swift in Sources */ = {isa = PBXBuildFile; fileRef = 20FAEEED2EE502B900E75AE0 /* AlwaysAllowedInfoStepView.swift */; };
/* End PBXBuildFile section */

/* Begin PBXContainerItemProxy section */
		2071C4A12DE43AC800DF737F /* PBXContainerItemProxy */ = {
			isa = PBXContainerItemProxy;
			containerPortal = 2071C4882DE43AC600DF737F /* Project object */;
			proxyType = 1;
			remoteGlobalIDString = 2071C48F2DE43AC600DF737F;
			remoteInfo = Intentions;
		};
		2071C4AB2DE43AC800DF737F /* PBXContainerItemProxy */ = {
			isa = PBXContainerItemProxy;
			containerPortal = 2071C4882DE43AC600DF737F /* Project object */;
			proxyType = 1;
			remoteGlobalIDString = 2071C48F2DE43AC600DF737F;
			remoteInfo = Intentions;
		};
		207E145E2E90881E00730900 /* PBXContainerItemProxy */ = {
			isa = PBXContainerItemProxy;
			containerPortal = 2071C4882DE43AC600DF737F /* Project object */;
			proxyType = 1;
			remoteGlobalIDString = 207E14532E90881E00730900;
			remoteInfo = IntentionsShieldConfiguration;
		};
		207E14702E90883400730900 /* PBXContainerItemProxy */ = {
			isa = PBXContainerItemProxy;
			containerPortal = 2071C4882DE43AC600DF737F /* Project object */;
			proxyType = 1;
			remoteGlobalIDString = 207E14682E90883300730900;
			remoteInfo = IntentionsShieldAction;
		};
		207E14912E9F5D8600730900 /* PBXContainerItemProxy */ = {
			isa = PBXContainerItemProxy;
			containerPortal = 2071C4882DE43AC600DF737F /* Project object */;
			proxyType = 1;
			remoteGlobalIDString = 207E14882E9F5D8500730900;
			remoteInfo = IntentionsDeviceActivityMonitor;
		};
		20EB27242E6C057B00FC4BE4 /* PBXContainerItemProxy */ = {
			isa = PBXContainerItemProxy;
			containerPortal = 2071C4882DE43AC600DF737F /* Project object */;
			proxyType = 1;
			remoteGlobalIDString = 20EB27122E6C057700FC4BE4;
			remoteInfo = IntentionsWidgetExtension;
		};
/* End PBXContainerItemProxy section */

/* Begin PBXCopyFilesBuildPhase section */
		20EB272B2E6C057B00FC4BE4 /* Embed Foundation Extensions */ = {
			isa = PBXCopyFilesBuildPhase;
			dstPath = "";
			dstSubfolder = PlugIns;
			files = (
				20EB27262E6C057B00FC4BE4 /* IntentionsWidgetExtension.appex in Embed Foundation Extensions */,
				207E14932E9F5D8600730900 /* IntentionsDeviceActivityMonitor.appex in Embed Foundation Extensions */,
				207E14722E90883400730900 /* IntentionsShieldAction.appex in Embed Foundation Extensions */,
				207E14602E90881E00730900 /* IntentionsShieldConfiguration.appex in Embed Foundation Extensions */,
			);
			name = "Embed Foundation Extensions";
		};
/* End PBXCopyFilesBuildPhase section */

/* Begin PBXFileReference section */
		206592132DFF50FD00B93819 /* ScreenTimeStatusInfoTests.swift */ = {isa = PBXFileReference; lastKnownFileType = sourcecode.swift; path = ScreenTimeStatusInfoTests.swift; sourceTree = "<group>"; };
		2071C4902DE43AC600DF737F /* Intentions.app */ = {isa = PBXFileReference; explicitFileType = wrapper.application; includeInIndex = 0; path = Intentions.app; sourceTree = BUILT_PRODUCTS_DIR; };
		2071C4972DE43AC800DF737F /* Assets.xcassets */ = {isa = PBXFileReference; lastKnownFileType = folder.assetcatalog; path = Assets.xcassets; sourceTree = "<group>"; };
		2071C49A2DE43AC800DF737F /* Preview Assets.xcassets */ = {isa = PBXFileReference; lastKnownFileType = folder.assetcatalog; path = "Preview Assets.xcassets"; sourceTree = "<group>"; };
		2071C4A02DE43AC800DF737F /* IntentionsTests.xctest */ = {isa = PBXFileReference; explicitFileType = wrapper.cfbundle; includeInIndex = 0; path = IntentionsTests.xctest; sourceTree = BUILT_PRODUCTS_DIR; };
		2071C4AA2DE43AC800DF737F /* IntentionsUITests.xctest */ = {isa = PBXFileReference; explicitFileType = wrapper.cfbundle; includeInIndex = 0; path = IntentionsUITests.xctest; sourceTree = BUILT_PRODUCTS_DIR; };
		2071C4AE2DE43AC800DF737F /* IntentionsUITests.swift */ = {isa = PBXFileReference; lastKnownFileType = sourcecode.swift; path = IntentionsUITests.swift; sourceTree = "<group>"; };
		2071C4B02DE43AC800DF737F /* IntentionsUITestsLaunchTests.swift */ = {isa = PBXFileReference; lastKnownFileType = sourcecode.swift; path = IntentionsUITestsLaunchTests.swift; sourceTree = "<group>"; };
		207E14542E90881E00730900 /* IntentionsShieldConfiguration.appex */ = {isa = PBXFileReference; explicitFileType = "wrapper.app-extension"; includeInIndex = 0; path = IntentionsShieldConfiguration.appex; sourceTree = BUILT_PRODUCTS_DIR; };
		207E14552E90881E00730900 /* ManagedSettings.framework */ = {isa = PBXFileReference; lastKnownFileType = wrapper.framework; name = ManagedSettings.framework; path = System/Library/Frameworks/ManagedSettings.framework; sourceTree = SDKROOT; };
		207E14572E90881E00730900 /* ManagedSettingsUI.framework */ = {isa = PBXFileReference; lastKnownFileType = wrapper.framework; name = ManagedSettingsUI.framework; path = System/Library/Frameworks/ManagedSettingsUI.framework; sourceTree = SDKROOT; };
		207E14692E90883300730900 /* IntentionsShieldAction.appex */ = {isa = PBXFileReference; explicitFileType = "wrapper.app-extension"; includeInIndex = 0; path = IntentionsShieldAction.appex; sourceTree = BUILT_PRODUCTS_DIR; };
		207E147F2E9B6A4E00730900 /* NotificationService.swift */ = {isa = PBXFileReference; lastKnownFileType = sourcecode.swift; path = NotificationService.swift; sourceTree = "<group>"; };
		207E14832E9B6AC000730900 /* NotificationSettings.swift */ = {isa = PBXFileReference; lastKnownFileType = sourcecode.swift; path = NotificationSettings.swift; sourceTree = "<group>"; };
		207E14892E9F5D8500730900 /* IntentionsDeviceActivityMonitor.appex */ = {isa = PBXFileReference; explicitFileType = "wrapper.app-extension"; includeInIndex = 0; path = IntentionsDeviceActivityMonitor.appex; sourceTree = BUILT_PRODUCTS_DIR; };
		207E148A2E9F5D8500730900 /* DeviceActivity.framework */ = {isa = PBXFileReference; lastKnownFileType = wrapper.framework; name = DeviceActivity.framework; path = System/Library/Frameworks/DeviceActivity.framework; sourceTree = SDKROOT; };
		2085A8E22DF55A060011EB9A /* IntentionsSession.swift */ = {isa = PBXFileReference; lastKnownFileType = sourcecode.swift; path = IntentionsSession.swift; sourceTree = "<group>"; };
		2085A8E42DF55A250011EB9A /* ScheduleSettings.swift */ = {isa = PBXFileReference; lastKnownFileType = sourcecode.swift; path = ScheduleSettings.swift; sourceTree = "<group>"; };
		2085A8E82DF55AA90011EB9A /* AppError.swift */ = {isa = PBXFileReference; lastKnownFileType = sourcecode.swift; path = AppError.swift; sourceTree = "<group>"; };
		2085A8EC2DF55F7A0011EB9A /* IntentionSessionTests.swift */ = {isa = PBXFileReference; lastKnownFileType = sourcecode.swift; path = IntentionSessionTests.swift; sourceTree = "<group>"; };
		2085A8EE2DF55F820011EB9A /* ScheduleSettingsTests.swift */ = {isa = PBXFileReference; lastKnownFileType = sourcecode.swift; path = ScheduleSettingsTests.swift; sourceTree = "<group>"; };
		2085A8F02DF55F980011EB9A /* WeekdayTests.swift */ = {isa = PBXFileReference; lastKnownFileType = sourcecode.swift; path = WeekdayTests.swift; sourceTree = "<group>"; };
		2085A8F22DF55FAF0011EB9A /* AppErrorTests.swift */ = {isa = PBXFileReference; lastKnownFileType = sourcecode.swift; path = AppErrorTests.swift; sourceTree = "<group>"; };
		2085A8F62DF5857E0011EB9A /* ScreenTimeManaging.swift */ = {isa = PBXFileReference; lastKnownFileType = sourcecode.swift; path = ScreenTimeManaging.swift; sourceTree = "<group>"; };
		2085A8F82DF585A90011EB9A /* ScreenTimeService.swift */ = {isa = PBXFileReference; lastKnownFileType = sourcecode.swift; path = ScreenTimeService.swift; sourceTree = "<group>"; };
		2085A8FE2DF6D2D40011EB9A /* ScreenTimeStatusInfo.swift */ = {isa = PBXFileReference; lastKnownFileType = sourcecode.swift; path = ScreenTimeStatusInfo.swift; sourceTree = "<group>"; };
		2085A9012DF6D2EB0011EB9A /* MockScreenTimeService.swift */ = {isa = PBXFileReference; lastKnownFileType = sourcecode.swift; path = MockScreenTimeService.swift; sourceTree = "<group>"; };
		2085A9062DF6D5D20011EB9A /* ScreenTimeServiceTests.swift */ = {isa = PBXFileReference; lastKnownFileType = sourcecode.swift; path = ScreenTimeServiceTests.swift; sourceTree = "<group>"; };
		2085A90B2DFACD350011EB9A /* MockScreenTimeServiceTests.swift */ = {isa = PBXFileReference; lastKnownFileType = sourcecode.swift; path = MockScreenTimeServiceTests.swift; sourceTree = "<group>"; };
		2085A9132DFF4B160011EB9A /* ApplicationExtension.swift */ = {isa = PBXFileReference; lastKnownFileType = sourcecode.swift; path = ApplicationExtension.swift; sourceTree = "<group>"; };
		2092FF032DF191010055A01D /* Intentions.entitlements */ = {isa = PBXFileReference; lastKnownFileType = text.plist.entitlements; path = Intentions.entitlements; sourceTree = "<group>"; };
		2092FF052DF1921C0055A01D /* FamilyControls.framework */ = {isa = PBXFileReference; lastKnownFileType = wrapper.framework; name = FamilyControls.framework; path = System/Library/Frameworks/FamilyControls.framework; sourceTree = SDKROOT; };
		20A34CA12F86EAEC00535175 /* NotificationSettingsView.swift */ = {isa = PBXFileReference; lastKnownFileType = sourcecode.swift; path = NotificationSettingsView.swift; sourceTree = "<group>"; };
		20A34CA22F86EAEC00535175 /* ScheduleSettingsView.swift */ = {isa = PBXFileReference; lastKnownFileType = sourcecode.swift; path = ScheduleSettingsView.swift; sourceTree = "<group>"; };
		20A357162F89B58B00535175 /* SharedConstants.swift */ = {isa = PBXFileReference; lastKnownFileType = sourcecode.swift; path = SharedConstants.swift; sourceTree = "<group>"; };
		20A3598C2F8B771800535175 /* IntentionQuoteEditorView.swift */ = {isa = PBXFileReference; lastKnownFileType = sourcecode.swift; path = IntentionQuoteEditorView.swift; sourceTree = "<group>"; };
		20A3598E2F8B798B00535175 /* GreyscaleGuideView.swift */ = {isa = PBXFileReference; lastKnownFileType = sourcecode.swift; path = GreyscaleGuideView.swift; sourceTree = "<group>"; };
		20A359A92F8B9B2700535175 /* QuickActionsViewModelTests.swift */ = {isa = PBXFileReference; lastKnownFileType = sourcecode.swift; path = QuickActionsViewModelTests.swift; sourceTree = "<group>"; };
		20A359AA2F8B9B2700535175 /* SetupCoordinatorTests.swift */ = {isa = PBXFileReference; lastKnownFileType = sourcecode.swift; path = SetupCoordinatorTests.swift; sourceTree = "<group>"; };
		20A359AD2F8B9B3300535175 /* NotificationSettingsTests.swift */ = {isa = PBXFileReference; lastKnownFileType = sourcecode.swift; path = NotificationSettingsTests.swift; sourceTree = "<group>"; };
		20D0E4FF2E7BF74700C8BB70 /* DisableBlockingConfirmationView.swift */ = {isa = PBXFileReference; lastKnownFileType = sourcecode.swift; path = DisableBlockingConfirmationView.swift; sourceTree = "<group>"; };
		20EB26502E13228E00FC4BE4 /* PersistentModels.swift */ = {isa = PBXFileReference; lastKnownFileType = sourcecode.swift; path = PersistentModels.swift; sourceTree = "<group>"; };
		20EB26522E13229900FC4BE4 /* DataPersistingService.swift */ = {isa = PBXFileReference; lastKnownFileType = sourcecode.swift; path = DataPersistingService.swift; sourceTree = "<group>"; };
		20EB26542E1322A400FC4BE4 /* MockDataPersistenceService.swift */ = {isa = PBXFileReference; lastKnownFileType = sourcecode.swift; path = MockDataPersistenceService.swift; sourceTree = "<group>"; };
		20EB26562E1322B200FC4BE4 /* DataPersistenceServiceTests.swift */ = {isa = PBXFileReference; lastKnownFileType = sourcecode.swift; path = DataPersistenceServiceTests.swift; sourceTree = "<group>"; };
		20EB26582E1322C900FC4BE4 /* DataPersistenceIntegrationTests.swift */ = {isa = PBXFileReference; lastKnownFileType = sourcecode.swift; path = DataPersistenceIntegrationTests.swift; sourceTree = "<group>"; };
		20EB265A2E146E4400FC4BE4 /* MockDataPersistenceServiceTests.swift */ = {isa = PBXFileReference; lastKnownFileType = sourcecode.swift; path = MockDataPersistenceServiceTests.swift; sourceTree = "<group>"; };
		20EB265C2E1EF9A800FC4BE4 /* Constants.swift */ = {isa = PBXFileReference; lastKnownFileType = sourcecode.swift; path = Constants.swift; sourceTree = "<group>"; };
		20EB265E2E21A34600FC4BE4 /* ContentViewModel.swift */ = {isa = PBXFileReference; lastKnownFileType = sourcecode.swift; path = ContentViewModel.swift; sourceTree = "<group>"; };
		20EB26612E21A3E900FC4BE4 /* HomeView.swift */ = {isa = PBXFileReference; lastKnownFileType = sourcecode.swift; path = HomeView.swift; sourceTree = "<group>"; };
		20EB26662E21A3F300FC4BE4 /* SettingsView.swift */ = {isa = PBXFileReference; lastKnownFileType = sourcecode.swift; path = SettingsView.swift; sourceTree = "<group>"; };
		20EB26682E22F25A00FC4BE4 /* ContentViewModelTests.swift */ = {isa = PBXFileReference; lastKnownFileType = sourcecode.swift; path = ContentViewModelTests.swift; sourceTree = "<group>"; };
		20EB26862E258CDB00FC4BE4 /* SettingsViewModelTests.swift */ = {isa = PBXFileReference; lastKnownFileType = sourcecode.swift; path = SettingsViewModelTests.swift; sourceTree = "<group>"; };
		20EB26892E258CE600FC4BE4 /* SettingsIntegrationTests.swift */ = {isa = PBXFileReference; lastKnownFileType = sourcecode.swift; path = SettingsIntegrationTests.swift; sourceTree = "<group>"; };
		20EB268D2E258D5700FC4BE4 /* SettingsViewModel.swift */ = {isa = PBXFileReference; lastKnownFileType = sourcecode.swift; path = SettingsViewModel.swift; sourceTree = "<group>"; };
		20EB269E2E31743F00FC4BE4 /* ContentViewTests.swift */ = {isa = PBXFileReference; lastKnownFileType = sourcecode.swift; path = ContentViewTests.swift; sourceTree = "<group>"; };
		20EB269F2E31743F00FC4BE4 /* HomeViewTests.swift */ = {isa = PBXFileReference; lastKnownFileType = sourcecode.swift; path = HomeViewTests.swift; sourceTree = "<group>"; };
		20EB26A62E32BF9100FC4BE4 /* SessionStatusViewModel.swift */ = {isa = PBXFileReference; lastKnownFileType = sourcecode.swift; path = SessionStatusViewModel.swift; sourceTree = "<group>"; };
		20EB26AC2E32BF9D00FC4BE4 /* SessionStatusViewModelTests.swift */ = {isa = PBXFileReference; lastKnownFileType = sourcecode.swift; path = SessionStatusViewModelTests.swift; sourceTree = "<group>"; };
		20EB26FF2E4D5FAA00FC4BE4 /* SessionStatusView.swift */ = {isa = PBXFileReference; lastKnownFileType = sourcecode.swift; path = SessionStatusView.swift; sourceTree = "<group>"; };
		20EB27052E695DA000FC4BE4 /* QuickAction.swift */ = {isa = PBXFileReference; lastKnownFileType = sourcecode.swift; path = QuickAction.swift; sourceTree = "<group>"; };
		20EB27072E695DB000FC4BE4 /* QuickActionEditorSheet.swift */ = {isa = PBXFileReference; lastKnownFileType = sourcecode.swift; path = QuickActionEditorSheet.swift; sourceTree = "<group>"; };
		20EB27082E695DB000FC4BE4 /* QuickActionsView.swift */ = {isa = PBXFileReference; lastKnownFileType = sourcecode.swift; path = QuickActionsView.swift; sourceTree = "<group>"; };
		20EB270B2E695DC400FC4BE4 /* NavigationStateManager.swift */ = {isa = PBXFileReference; lastKnownFileType = sourcecode.swift; path = NavigationStateManager.swift; sourceTree = "<group>"; };
		20EB270C2E695DC400FC4BE4 /* QuickActionsViewModel.swift */ = {isa = PBXFileReference; lastKnownFileType = sourcecode.swift; path = QuickActionsViewModel.swift; sourceTree = "<group>"; };
		20EB27132E6C057700FC4BE4 /* IntentionsWidgetExtension.appex */ = {isa = PBXFileReference; explicitFileType = "wrapper.app-extension"; includeInIndex = 0; path = IntentionsWidgetExtension.appex; sourceTree = BUILT_PRODUCTS_DIR; };
		20EB27142E6C057700FC4BE4 /* WidgetKit.framework */ = {isa = PBXFileReference; lastKnownFileType = wrapper.framework; name = WidgetKit.framework; path = System/Library/Frameworks/WidgetKit.framework; sourceTree = SDKROOT; };
		20EB27162E6C057700FC4BE4 /* SwiftUI.framework */ = {isa = PBXFileReference; lastKnownFileType = wrapper.framework; name = SwiftUI.framework; path = System/Library/Frameworks/SwiftUI.framework; sourceTree = SDKROOT; };
		20EB272C2E6C09B200FC4BE4 /* Info.plist */ = {isa = PBXFileReference; lastKnownFileType = text.plist; path = Info.plist; sourceTree = "<group>"; };
		20EB272D2E6D066100FC4BE4 /* SetupState.swift */ = {isa = PBXFileReference; lastKnownFileType = sourcecode.swift; path = SetupState.swift; sourceTree = "<group>"; };
		20EB272F2E6D06B500FC4BE4 /* SetupCoordinator.swift */ = {isa = PBXFileReference; lastKnownFileType = sourcecode.swift; path = SetupCoordinator.swift; sourceTree = "<group>"; };
		20EB27322E6D06DC00FC4BE4 /* ScreenTimeAuthorizationStepView.swift */ = {isa = PBXFileReference; lastKnownFileType = sourcecode.swift; path = ScreenTimeAuthorizationStepView.swift; sourceTree = "<group>"; };
		20EB27332E6D06DC00FC4BE4 /* SetupFlowView.swift */ = {isa = PBXFileReference; lastKnownFileType = sourcecode.swift; path = SetupFlowView.swift; sourceTree = "<group>"; };
		20EB27382E6D070A00FC4BE4 /* SetupStateManager.swift */ = {isa = PBXFileReference; lastKnownFileType = sourcecode.swift; path = SetupStateManager.swift; sourceTree = "<group>"; };
		20EB273E2E6EE46500FC4BE4 /* SetupLandingView.swift */ = {isa = PBXFileReference; lastKnownFileType = sourcecode.swift; path = SetupLandingView.swift; sourceTree = "<group>"; };
		20EB27422E77427B00FC4BE4 /* IntentionsWidgetExtension.entitlements */ = {isa = PBXFileReference; lastKnownFileType = text.plist.entitlements; path = IntentionsWidgetExtension.entitlements; sourceTree = "<group>"; };
		20FAEEE92EE3DD3400E75AE0 /* IntentionsApp.swift */ = {isa = PBXFileReference; lastKnownFileType = sourcecode.swift; path = IntentionsApp.swift; sourceTree = "<group>"; };
		20FAEEEB2EE3DDAD00E75AE0 /* ContentView.swift */ = {isa = PBXFileReference; lastKnownFileType = sourcecode.swift; path = ContentView.swift; sourceTree = "<group>"; };
		20FAEEED2EE502B900E75AE0 /* AlwaysAllowedInfoStepView.swift */ = {isa = PBXFileReference; lastKnownFileType = sourcecode.swift; path = AlwaysAllowedInfoStepView.swift; sourceTree = "<group>"; };
/* End PBXFileReference section */

/* Begin PBXFileSystemSynchronizedBuildFileExceptionSet section */
		207E14612E90881E00730900 /* Exceptions for "IntentionsShieldConfiguration" folder in "IntentionsShieldConfiguration" target */ = {
			isa = PBXFileSystemSynchronizedBuildFileExceptionSet;
			membershipExceptions = (
				Info.plist,
			);
			target = 207E14532E90881E00730900 /* IntentionsShieldConfiguration */;
		};
		207E14732E90883400730900 /* Exceptions for "IntentionsShieldAction" folder in "IntentionsShieldAction" target */ = {
			isa = PBXFileSystemSynchronizedBuildFileExceptionSet;
			membershipExceptions = (
				Info.plist,
			);
			target = 207E14682E90883300730900 /* IntentionsShieldAction */;
		};
		207E14942E9F5D8600730900 /* Exceptions for "IntentionsDeviceActivityMonitor" folder in "IntentionsDeviceActivityMonitor" target */ = {
			isa = PBXFileSystemSynchronizedBuildFileExceptionSet;
			membershipExceptions = (
				Info.plist,
			);
			target = 207E14882E9F5D8500730900 /* IntentionsDeviceActivityMonitor */;
		};
		20EB27272E6C057B00FC4BE4 /* Exceptions for "IntentionsWidget" folder in "IntentionsWidgetExtension" target */ = {
			isa = PBXFileSystemSynchronizedBuildFileExceptionSet;
			membershipExceptions = (
				Info.plist,
			);
			target = 20EB27122E6C057700FC4BE4 /* IntentionsWidgetExtension */;
		};
/* End PBXFileSystemSynchronizedBuildFileExceptionSet section */

/* Begin PBXFileSystemSynchronizedRootGroup section */
		207E14592E90881E00730900 /* IntentionsShieldConfiguration */ = {
			isa = PBXFileSystemSynchronizedRootGroup;
			exceptions = (
				207E14612E90881E00730900 /* Exceptions for "IntentionsShieldConfiguration" folder in "IntentionsShieldConfiguration" target */,
			);
			path = IntentionsShieldConfiguration;
			sourceTree = "<group>";
		};
		207E146B2E90883400730900 /* IntentionsShieldAction */ = {
			isa = PBXFileSystemSynchronizedRootGroup;
			exceptions = (
				207E14732E90883400730900 /* Exceptions for "IntentionsShieldAction" folder in "IntentionsShieldAction" target */,
			);
			path = IntentionsShieldAction;
			sourceTree = "<group>";
		};
		207E148C2E9F5D8500730900 /* IntentionsDeviceActivityMonitor */ = {
			isa = PBXFileSystemSynchronizedRootGroup;
			exceptions = (
				207E14942E9F5D8600730900 /* Exceptions for "IntentionsDeviceActivityMonitor" folder in "IntentionsDeviceActivityMonitor" target */,
			);
			path = IntentionsDeviceActivityMonitor;
			sourceTree = "<group>";
		};
		20EB27182E6C057700FC4BE4 /* IntentionsWidget */ = {
			isa = PBXFileSystemSynchronizedRootGroup;
			exceptions = (
				20EB27272E6C057B00FC4BE4 /* Exceptions for "IntentionsWidget" folder in "IntentionsWidgetExtension" target */,
			);
			path = IntentionsWidget;
			sourceTree = "<group>";
		};
/* End PBXFileSystemSynchronizedRootGroup section */

/* Begin PBXFrameworksBuildPhase section */
		2071C48D2DE43AC600DF737F /* Frameworks */ = {
			isa = PBXFrameworksBuildPhase;
			files = (
				2092FF062DF1921C0055A01D /* FamilyControls.framework in Frameworks */,
			);
		};
		2071C49D2DE43AC800DF737F /* Frameworks */ = {
			isa = PBXFrameworksBuildPhase;
			files = (
			);
		};
		2071C4A72DE43AC800DF737F /* Frameworks */ = {
			isa = PBXFrameworksBuildPhase;
			files = (
			);
		};
		207E14512E90881E00730900 /* Frameworks */ = {
			isa = PBXFrameworksBuildPhase;
			files = (
				207E14562E90881E00730900 /* ManagedSettings.framework in Frameworks */,
				207E14582E90881E00730900 /* ManagedSettingsUI.framework in Frameworks */,
			);
		};
		207E14662E90883300730900 /* Frameworks */ = {
			isa = PBXFrameworksBuildPhase;
			files = (
				207E146A2E90883400730900 /* ManagedSettings.framework in Frameworks */,
			);
		};
		207E14862E9F5D8500730900 /* Frameworks */ = {
			isa = PBXFrameworksBuildPhase;
			files = (
				207E148B2E9F5D8500730900 /* DeviceActivity.framework in Frameworks */,
			);
		};
		20EB27102E6C057700FC4BE4 /* Frameworks */ = {
			isa = PBXFrameworksBuildPhase;
			files = (
				20EB27172E6C057700FC4BE4 /* SwiftUI.framework in Frameworks */,
				20EB27152E6C057700FC4BE4 /* WidgetKit.framework in Frameworks */,
			);
		};
/* End PBXFrameworksBuildPhase section */

/* Begin PBXGroup section */
		2071C4872DE43AC600DF737F = {
			isa = PBXGroup;
			children = (
				20EB27422E77427B00FC4BE4 /* IntentionsWidgetExtension.entitlements */,
				2071C4922DE43AC600DF737F /* Intentions */,
				2071C4A32DE43AC800DF737F /* IntentionsTests */,
				2071C4AD2DE43AC800DF737F /* IntentionsUITests */,
				20EB27182E6C057700FC4BE4 /* IntentionsWidget */,
				207E14592E90881E00730900 /* IntentionsShieldConfiguration */,
				207E146B2E90883400730900 /* IntentionsShieldAction */,
				207E148C2E9F5D8500730900 /* IntentionsDeviceActivityMonitor */,
				2071C4912DE43AC600DF737F /* Products */,
				2092FF042DF1921C0055A01D /* Frameworks */,
			);
			sourceTree = "<group>";
		};
		2071C4912DE43AC600DF737F /* Products */ = {
			isa = PBXGroup;
			children = (
				2071C4902DE43AC600DF737F /* Intentions.app */,
				2071C4A02DE43AC800DF737F /* IntentionsTests.xctest */,
				2071C4AA2DE43AC800DF737F /* IntentionsUITests.xctest */,
				20EB27132E6C057700FC4BE4 /* IntentionsWidgetExtension.appex */,
				207E14542E90881E00730900 /* IntentionsShieldConfiguration.appex */,
				207E14692E90883300730900 /* IntentionsShieldAction.appex */,
				207E14892E9F5D8500730900 /* IntentionsDeviceActivityMonitor.appex */,
			);
			name = Products;
			sourceTree = "<group>";
		};
		2071C4922DE43AC600DF737F /* Intentions */ = {
			isa = PBXGroup;
			children = (
				20EB272C2E6C09B200FC4BE4 /* Info.plist */,
				2092FF032DF191010055A01D /* Intentions.entitlements */,
				2085A8D42DF54F480011EB9A /* App */,
				2085A8DC2DF550200011EB9A /* Extensions */,
				2071C4BD2DE6DC9400DF737F /* Models */,
				2085A8D62DF54F9E0011EB9A /* ViewModels */,
				2085A8D52DF54F8A0011EB9A /* Protocols */,
				2071C4CA2DE8EA5C00DF737F /* Views */,
				2085A8DB2DF54FFC0011EB9A /* Services */,
				2085A8DE2DF550300011EB9A /* Resources */,
				2085A8DF2DF550440011EB9A /* Utilities */,
				2085A9002DF6D2E60011EB9A /* Mocks */,
				2071C4992DE43AC800DF737F /* Preview Content */,
			);
			path = Intentions;
			sourceTree = "<group>";
		};
		2071C4992DE43AC800DF737F /* Preview Content */ = {
			isa = PBXGroup;
			children = (
				2071C49A2DE43AC800DF737F /* Preview Assets.xcassets */,
			);
			path = "Preview Content";
			sourceTree = "<group>";
		};
		2071C4A32DE43AC800DF737F /* IntentionsTests */ = {
			isa = PBXGroup;
			children = (
				20EB269C2E316F2A00FC4BE4 /* Views */,
				20EB268A2E258CE600FC4BE4 /* Integration */,
				20EB26692E22F25A00FC4BE4 /* ViewModels */,
				2085A90A2DFACD310011EB9A /* Mocks */,
				2085A9052DF6D5C10011EB9A /* Services */,
				2085A9042DF6D5B30011EB9A /* ModelTests */,
			);
			path = IntentionsTests;
			sourceTree = "<group>";
		};
		2071C4AD2DE43AC800DF737F /* IntentionsUITests */ = {
			isa = PBXGroup;
			children = (
				2071C4AE2DE43AC800DF737F /* IntentionsUITests.swift */,
				2071C4B02DE43AC800DF737F /* IntentionsUITestsLaunchTests.swift */,
			);
			path = IntentionsUITests;
			sourceTree = "<group>";
		};
		2071C4BD2DE6DC9400DF737F /* Models */ = {
			isa = PBXGroup;
			children = (
				207E14832E9B6AC000730900 /* NotificationSettings.swift */,
				20EB272D2E6D066100FC4BE4 /* SetupState.swift */,
				20EB27052E695DA000FC4BE4 /* QuickAction.swift */,
				20EB26502E13228E00FC4BE4 /* PersistentModels.swift */,
				2085A8FE2DF6D2D40011EB9A /* ScreenTimeStatusInfo.swift */,
				2085A8E82DF55AA90011EB9A /* AppError.swift */,
				2085A8E42DF55A250011EB9A /* ScheduleSettings.swift */,
				2085A8E22DF55A060011EB9A /* IntentionsSession.swift */,
			);
			path = Models;
			sourceTree = "<group>";
		};
		2071C4CA2DE8EA5C00DF737F /* Views */ = {
			isa = PBXGroup;
			children = (
				20EB27342E6D06DC00FC4BE4 /* Setup */,
				20EB26B12E389F4900FC4BE4 /* Components */,
				2085A8DA2DF54FC50011EB9A /* Statistics */,
				2085A8D92DF54FBD0011EB9A /* Onboarding */,
				2085A8D82DF54FB30011EB9A /* Settings */,
				2085A8D72DF54FAF0011EB9A /* MainViews */,
			);
			path = Views;
			sourceTree = "<group>";
		};
		2085A8D42DF54F480011EB9A /* App */ = {
			isa = PBXGroup;
			children = (
				20FAEEEB2EE3DDAD00E75AE0 /* ContentView.swift */,
				20FAEEE92EE3DD3400E75AE0 /* IntentionsApp.swift */,
			);
			path = App;
			sourceTree = "<group>";
		};
		2085A8D52DF54F8A0011EB9A /* Protocols */ = {
			isa = PBXGroup;
			children = (
				2085A8F62DF5857E0011EB9A /* ScreenTimeManaging.swift */,
			);
			path = Protocols;
			sourceTree = "<group>";
		};
		2085A8D62DF54F9E0011EB9A /* ViewModels */ = {
			isa = PBXGroup;
			children = (
				20EB272F2E6D06B500FC4BE4 /* SetupCoordinator.swift */,
				20EB270B2E695DC400FC4BE4 /* NavigationStateManager.swift */,
				20EB270C2E695DC400FC4BE4 /* QuickActionsViewModel.swift */,
				20EB26A62E32BF9100FC4BE4 /* SessionStatusViewModel.swift */,
				20EB268D2E258D5700FC4BE4 /* SettingsViewModel.swift */,
				20EB265E2E21A34600FC4BE4 /* ContentViewModel.swift */,
			);
			path = ViewModels;
			sourceTree = "<group>";
		};
		2085A8D72DF54FAF0011EB9A /* MainViews */ = {
			isa = PBXGroup;
			children = (
				20EB27072E695DB000FC4BE4 /* QuickActionEditorSheet.swift */,
				20EB27082E695DB000FC4BE4 /* QuickActionsView.swift */,
				20EB26612E21A3E900FC4BE4 /* HomeView.swift */,
			);
			path = MainViews;
			sourceTree = "<group>";
		};
		2085A8D82DF54FB30011EB9A /* Settings */ = {
			isa = PBXGroup;
			children = (
				20A3598E2F8B798B00535175 /* GreyscaleGuideView.swift */,
				20A3598C2F8B771800535175 /* IntentionQuoteEditorView.swift */,
				20A34CA12F86EAEC00535175 /* NotificationSettingsView.swift */,
				20A34CA22F86EAEC00535175 /* ScheduleSettingsView.swift */,
				20D0E4FF2E7BF74700C8BB70 /* DisableBlockingConfirmationView.swift */,
				20EB26662E21A3F300FC4BE4 /* SettingsView.swift */,
			);
			path = Settings;
			sourceTree = "<group>";
		};
		2085A8D92DF54FBD0011EB9A /* Onboarding */ = {
			isa = PBXGroup;
			children = (
			);
			path = Onboarding;
			sourceTree = "<group>";
		};
		2085A8DA2DF54FC50011EB9A /* Statistics */ = {
			isa = PBXGroup;
			children = (
			);
			path = Statistics;
			sourceTree = "<group>";
		};
		2085A8DB2DF54FFC0011EB9A /* Services */ = {
			isa = PBXGroup;
			children = (
				207E147F2E9B6A4E00730900 /* NotificationService.swift */,
				20EB27382E6D070A00FC4BE4 /* SetupStateManager.swift */,
				20EB26522E13229900FC4BE4 /* DataPersistingService.swift */,
				2085A8F82DF585A90011EB9A /* ScreenTimeService.swift */,
			);
			path = Services;
			sourceTree = "<group>";
		};
		2085A8DC2DF550200011EB9A /* Extensions */ = {
			isa = PBXGroup;
			children = (
				2085A9132DFF4B160011EB9A /* ApplicationExtension.swift */,
				2085A8DD2DF550280011EB9A /* DeviceActivityMonitorExtension */,
			);
			path = Extensions;
			sourceTree = "<group>";
		};
		2085A8DD2DF550280011EB9A /* DeviceActivityMonitorExtension */ = {
			isa = PBXGroup;
			children = (
			);
			path = DeviceActivityMonitorExtension;
			sourceTree = "<group>";
		};
		2085A8DE2DF550300011EB9A /* Resources */ = {
			isa = PBXGroup;
			children = (
				2071C4972DE43AC800DF737F /* Assets.xcassets */,
			);
			path = Resources;
			sourceTree = "<group>";
		};
		2085A8DF2DF550440011EB9A /* Utilities */ = {
			isa = PBXGroup;
			children = (
				20A357162F89B58B00535175 /* SharedConstants.swift */,
				20EB265C2E1EF9A800FC4BE4 /* Constants.swift */,
			);
			path = Utilities;
			sourceTree = "<group>";
		};
		2085A9002DF6D2E60011EB9A /* Mocks */ = {
			isa = PBXGroup;
			children = (
				20EB26542E1322A400FC4BE4 /* MockDataPersistenceService.swift */,
				2085A9012DF6D2EB0011EB9A /* MockScreenTimeService.swift */,
			);
			path = Mocks;
			sourceTree = "<group>";
		};
		2085A9042DF6D5B30011EB9A /* ModelTests */ = {
			isa = PBXGroup;
			children = (
				20A359AD2F8B9B3300535175 /* NotificationSettingsTests.swift */,
				20EB26582E1322C900FC4BE4 /* DataPersistenceIntegrationTests.swift */,
				206592132DFF50FD00B93819 /* ScreenTimeStatusInfoTests.swift */,
				2085A8F22DF55FAF0011EB9A /* AppErrorTests.swift */,
				2085A8EC2DF55F7A0011EB9A /* IntentionSessionTests.swift */,
				2085A8EE2DF55F820011EB9A /* ScheduleSettingsTests.swift */,
				2085A8F02DF55F980011EB9A /* WeekdayTests.swift */,
			);
			path = ModelTests;
			sourceTree = "<group>";
		};
		2085A9052DF6D5C10011EB9A /* Services */ = {
			isa = PBXGroup;
			children = (
				20EB26562E1322B200FC4BE4 /* DataPersistenceServiceTests.swift */,
				2085A9062DF6D5D20011EB9A /* ScreenTimeServiceTests.swift */,
			);
			path = Services;
			sourceTree = "<group>";
		};
		2085A90A2DFACD310011EB9A /* Mocks */ = {
			isa = PBXGroup;
			children = (
				20EB265A2E146E4400FC4BE4 /* MockDataPersistenceServiceTests.swift */,
				2085A90B2DFACD350011EB9A /* MockScreenTimeServiceTests.swift */,
			);
			path = Mocks;
			sourceTree = "<group>";
		};
		2092FF042DF1921C0055A01D /* Frameworks */ = {
			isa = PBXGroup;
			children = (
				2092FF052DF1921C0055A01D /* FamilyControls.framework */,
				20EB27142E6C057700FC4BE4 /* WidgetKit.framework */,
				20EB27162E6C057700FC4BE4 /* SwiftUI.framework */,
				207E14552E90881E00730900 /* ManagedSettings.framework */,
				207E14572E90881E00730900 /* ManagedSettingsUI.framework */,
				207E148A2E9F5D8500730900 /* DeviceActivity.framework */,
			);
			name = Frameworks;
			sourceTree = "<group>";
		};
		20EB26692E22F25A00FC4BE4 /* ViewModels */ = {
			isa = PBXGroup;
			children = (
				20A359A92F8B9B2700535175 /* QuickActionsViewModelTests.swift */,
				20A359AA2F8B9B2700535175 /* SetupCoordinatorTests.swift */,
				20EB26AC2E32BF9D00FC4BE4 /* SessionStatusViewModelTests.swift */,
				20EB26862E258CDB00FC4BE4 /* SettingsViewModelTests.swift */,
				20EB26682E22F25A00FC4BE4 /* ContentViewModelTests.swift */,
			);
			path = ViewModels;
			sourceTree = "<group>";
		};
		20EB268A2E258CE600FC4BE4 /* Integration */ = {
			isa = PBXGroup;
			children = (
				20EB26892E258CE600FC4BE4 /* SettingsIntegrationTests.swift */,
			);
			path = Integration;
			sourceTree = "<group>";
		};
		20EB269C2E316F2A00FC4BE4 /* Views */ = {
			isa = PBXGroup;
			children = (
				20EB269E2E31743F00FC4BE4 /* ContentViewTests.swift */,
				20EB269F2E31743F00FC4BE4 /* HomeViewTests.swift */,
			);
			path = Views;
			sourceTree = "<group>";
		};
		20EB26B12E389F4900FC4BE4 /* Components */ = {
			isa = PBXGroup;
			children = (
				20EB26FF2E4D5FAA00FC4BE4 /* SessionStatusView.swift */,
			);
			path = Components;
			sourceTree = "<group>";
		};
		20EB27342E6D06DC00FC4BE4 /* Setup */ = {
			isa = PBXGroup;
			children = (
				20FAEEED2EE502B900E75AE0 /* AlwaysAllowedInfoStepView.swift */,
				20EB273E2E6EE46500FC4BE4 /* SetupLandingView.swift */,
				20EB27322E6D06DC00FC4BE4 /* ScreenTimeAuthorizationStepView.swift */,
				20EB27332E6D06DC00FC4BE4 /* SetupFlowView.swift */,
			);
			path = Setup;
			sourceTree = "<group>";
		};
/* End PBXGroup section */

/* Begin PBXNativeTarget section */
		2071C48F2DE43AC600DF737F /* Intentions */ = {
			isa = PBXNativeTarget;
			buildConfigurationList = 2071C4B42DE43AC800DF737F /* Build configuration list for PBXNativeTarget "Intentions" */;
			buildPhases = (
				2071C48C2DE43AC600DF737F /* Sources */,
				2071C48D2DE43AC600DF737F /* Frameworks */,
				2071C48E2DE43AC600DF737F /* Resources */,
				20EB272B2E6C057B00FC4BE4 /* Embed Foundation Extensions */,
			);
			buildRules = (
			);
			dependencies = (
				20EB27252E6C057B00FC4BE4 /* PBXTargetDependency */,
				207E145F2E90881E00730900 /* PBXTargetDependency */,
				207E14712E90883400730900 /* PBXTargetDependency */,
				207E14922E9F5D8600730900 /* PBXTargetDependency */,
			);
			name = Intentions;
			productName = Intentions;
			productReference = 2071C4902DE43AC600DF737F /* Intentions.app */;
			productType = "com.apple.product-type.application";
		};
		2071C49F2DE43AC800DF737F /* IntentionsTests */ = {
			isa = PBXNativeTarget;
			buildConfigurationList = 2071C4B72DE43AC800DF737F /* Build configuration list for PBXNativeTarget "IntentionsTests" */;
			buildPhases = (
				2071C49C2DE43AC800DF737F /* Sources */,
				2071C49D2DE43AC800DF737F /* Frameworks */,
				2071C49E2DE43AC800DF737F /* Resources */,
			);
			buildRules = (
			);
			dependencies = (
				2071C4A22DE43AC800DF737F /* PBXTargetDependency */,
			);
			name = IntentionsTests;
			productName = IntentionsTests;
			productReference = 2071C4A02DE43AC800DF737F /* IntentionsTests.xctest */;
			productType = "com.apple.product-type.bundle.unit-test";
		};
		2071C4A92DE43AC800DF737F /* IntentionsUITests */ = {
			isa = PBXNativeTarget;
			buildConfigurationList = 2071C4BA2DE43AC800DF737F /* Build configuration list for PBXNativeTarget "IntentionsUITests" */;
			buildPhases = (
				2071C4A62DE43AC800DF737F /* Sources */,
				2071C4A72DE43AC800DF737F /* Frameworks */,
				2071C4A82DE43AC800DF737F /* Resources */,
			);
			buildRules = (
			);
			dependencies = (
				2071C4AC2DE43AC800DF737F /* PBXTargetDependency */,
			);
			name = IntentionsUITests;
			productName = IntentionsUITests;
			productReference = 2071C4AA2DE43AC800DF737F /* IntentionsUITests.xctest */;
			productType = "com.apple.product-type.bundle.ui-testing";
		};
		207E14532E90881E00730900 /* IntentionsShieldConfiguration */ = {
			isa = PBXNativeTarget;
			buildConfigurationList = 207E14622E90881E00730900 /* Build configuration list for PBXNativeTarget "IntentionsShieldConfiguration" */;
			buildPhases = (
				207E14502E90881E00730900 /* Sources */,
				207E14512E90881E00730900 /* Frameworks */,
				207E14522E90881E00730900 /* Resources */,
			);
			buildRules = (
			);
			fileSystemSynchronizedGroups = (
				207E14592E90881E00730900 /* IntentionsShieldConfiguration */,
			);
			name = IntentionsShieldConfiguration;
			productName = IntentionsShieldConfiguration;
			productReference = 207E14542E90881E00730900 /* IntentionsShieldConfiguration.appex */;
			productType = "com.apple.product-type.app-extension";
		};
		207E14682E90883300730900 /* IntentionsShieldAction */ = {
			isa = PBXNativeTarget;
			buildConfigurationList = 207E14742E90883400730900 /* Build configuration list for PBXNativeTarget "IntentionsShieldAction" */;
			buildPhases = (
				207E14652E90883300730900 /* Sources */,
				207E14662E90883300730900 /* Frameworks */,
				207E14672E90883300730900 /* Resources */,
			);
			buildRules = (
			);
			fileSystemSynchronizedGroups = (
				207E146B2E90883400730900 /* IntentionsShieldAction */,
			);
			name = IntentionsShieldAction;
			productName = IntentionsShieldAction;
			productReference = 207E14692E90883300730900 /* IntentionsShieldAction.appex */;
			productType = "com.apple.product-type.app-extension";
		};
		207E14882E9F5D8500730900 /* IntentionsDeviceActivityMonitor */ = {
			isa = PBXNativeTarget;
			buildConfigurationList = 207E14952E9F5D8600730900 /* Build configuration list for PBXNativeTarget "IntentionsDeviceActivityMonitor" */;
			buildPhases = (
				207E14852E9F5D8500730900 /* Sources */,
				207E14862E9F5D8500730900 /* Frameworks */,
				207E14872E9F5D8500730900 /* Resources */,
			);
			buildRules = (
			);
			fileSystemSynchronizedGroups = (
				207E148C2E9F5D8500730900 /* IntentionsDeviceActivityMonitor */,
			);
			name = IntentionsDeviceActivityMonitor;
			productName = IntentionsDeviceActivityMonitor;
			productReference = 207E14892E9F5D8500730900 /* IntentionsDeviceActivityMonitor.appex */;
			productType = "com.apple.product-type.app-extension";
		};
		20EB27122E6C057700FC4BE4 /* IntentionsWidgetExtension */ = {
			isa = PBXNativeTarget;
			buildConfigurationList = 20EB27282E6C057B00FC4BE4 /* Build configuration list for PBXNativeTarget "IntentionsWidgetExtension" */;
			buildPhases = (
				20EB270F2E6C057700FC4BE4 /* Sources */,
				20EB27102E6C057700FC4BE4 /* Frameworks */,
				20EB27112E6C057700FC4BE4 /* Resources */,
			);
			buildRules = (
			);
			fileSystemSynchronizedGroups = (
				20EB27182E6C057700FC4BE4 /* IntentionsWidget */,
			);
			name = IntentionsWidgetExtension;
			productName = IntentionsWidgetExtension;
			productReference = 20EB27132E6C057700FC4BE4 /* IntentionsWidgetExtension.appex */;
			productType = "com.apple.product-type.app-extension";
		};
/* End PBXNativeTarget section */

/* Begin PBXProject section */
		2071C4882DE43AC600DF737F /* Project object */ = {
			isa = PBXProject;
			attributes = {
				BuildIndependentTargetsInParallel = 1;
				LastSwiftUpdateCheck = 1640;
				LastUpgradeCheck = 1640;
				TargetAttributes = {
					2071C48F2DE43AC600DF737F = {
						CreatedOnToolsVersion = 15.0.1;
					};
					2071C49F2DE43AC800DF737F = {
						CreatedOnToolsVersion = 15.0.1;
						TestTargetID = 2071C48F2DE43AC600DF737F;
					};
					2071C4A92DE43AC800DF737F = {
						CreatedOnToolsVersion = 15.0.1;
						TestTargetID = 2071C48F2DE43AC600DF737F;
					};
					207E14532E90881E00730900 = {
						CreatedOnToolsVersion = 16.4;
					};
					207E14682E90883300730900 = {
						CreatedOnToolsVersion = 16.4;
					};
					207E14882E9F5D8500730900 = {
						CreatedOnToolsVersion = 16.4;
					};
					20EB27122E6C057700FC4BE4 = {
						CreatedOnToolsVersion = 16.4;
					};
				};
			};
			buildConfigurationList = 2071C48B2DE43AC600DF737F /* Build configuration list for PBXProject "Intentions" */;
			developmentRegion = en;
			hasScannedForEncodings = 0;
			knownRegions = (
				en,
				Base,
			);
			mainGroup = 2071C4872DE43AC600DF737F;
			packageReferences = (
			);
			preferredProjectObjectVersion = 90;
			productRefGroup = 2071C4912DE43AC600DF737F /* Products */;
			projectDirPath = "";
			projectRoot = "";
			targets = (
				2071C48F2DE43AC600DF737F /* Intentions */,
				2071C49F2DE43AC800DF737F /* IntentionsTests */,
				2071C4A92DE43AC800DF737F /* IntentionsUITests */,
				20EB27122E6C057700FC4BE4 /* IntentionsWidgetExtension */,
				207E14532E90881E00730900 /* IntentionsShieldConfiguration */,
				207E14682E90883300730900 /* IntentionsShieldAction */,
				207E14882E9F5D8500730900 /* IntentionsDeviceActivityMonitor */,
			);
		};
/* End PBXProject section */

/* Begin PBXResourcesBuildPhase section */
		2071C48E2DE43AC600DF737F /* Resources */ = {
			isa = PBXResourcesBuildPhase;
			files = (
				2071C49B2DE43AC800DF737F /* Preview Assets.xcassets in Resources */,
				2071C4982DE43AC800DF737F /* Assets.xcassets in Resources */,
			);
		};
		2071C49E2DE43AC800DF737F /* Resources */ = {
			isa = PBXResourcesBuildPhase;
			files = (
			);
		};
		2071C4A82DE43AC800DF737F /* Resources */ = {
			isa = PBXResourcesBuildPhase;
			files = (
			);
		};
		207E14522E90881E00730900 /* Resources */ = {
			isa = PBXResourcesBuildPhase;
			files = (
			);
		};
		207E14672E90883300730900 /* Resources */ = {
			isa = PBXResourcesBuildPhase;
			files = (
			);
		};
		207E14872E9F5D8500730900 /* Resources */ = {
			isa = PBXResourcesBuildPhase;
			files = (
			);
		};
		20EB27112E6C057700FC4BE4 /* Resources */ = {
			isa = PBXResourcesBuildPhase;
			files = (
			);
		};
/* End PBXResourcesBuildPhase section */

/* Begin PBXSourcesBuildPhase section */
		2071C48C2DE43AC600DF737F /* Sources */ = {
			isa = PBXSourcesBuildPhase;
			files = (
				20EB26532E13229900FC4BE4 /* DataPersistingService.swift in Sources */,
				20FAEEEC2EE3DDAD00E75AE0 /* ContentView.swift in Sources */,
				20EB270D2E695DC400FC4BE4 /* NavigationStateManager.swift in Sources */,
				20EB270E2E695DC400FC4BE4 /* QuickActionsViewModel.swift in Sources */,
				20EB27392E6D070A00FC4BE4 /* SetupStateManager.swift in Sources */,
				20EB27062E695DA000FC4BE4 /* QuickAction.swift in Sources */,
				20EB265D2E1EF9A800FC4BE4 /* Constants.swift in Sources */,
				2085A8FF2DF6D2D40011EB9A /* ScreenTimeStatusInfo.swift in Sources */,
				20A3598D2F8B771800535175 /* IntentionQuoteEditorView.swift in Sources */,
				20EB27092E695DB000FC4BE4 /* QuickActionEditorSheet.swift in Sources */,
				20EB270A2E695DB000FC4BE4 /* QuickActionsView.swift in Sources */,
				20EB272E2E6D066100FC4BE4 /* SetupState.swift in Sources */,
				20A3598F2F8B798B00535175 /* GreyscaleGuideView.swift in Sources */,
				20EB27352E6D06DC00FC4BE4 /* ScreenTimeAuthorizationStepView.swift in Sources */,
				20FAEEEE2EE502B900E75AE0 /* AlwaysAllowedInfoStepView.swift in Sources */,
				20A34CA32F86EAEC00535175 /* ScheduleSettingsView.swift in Sources */,
				20A34CA42F86EAEC00535175 /* NotificationSettingsView.swift in Sources */,
				20FAEEEA2EE3DD3400E75AE0 /* IntentionsApp.swift in Sources */,
				20EB27372E6D06DC00FC4BE4 /* SetupFlowView.swift in Sources */,
				2085A9142DFF4B180011EB9A /* ApplicationExtension.swift in Sources */,
				2085A9022DF6D2EB0011EB9A /* MockScreenTimeService.swift in Sources */,
				2085A8E32DF55A060011EB9A /* IntentionsSession.swift in Sources */,
				20EB26512E13228E00FC4BE4 /* PersistentModels.swift in Sources */,
				20EB26552E1322A400FC4BE4 /* MockDataPersistenceService.swift in Sources */,
				2085A8F72DF5857E0011EB9A /* ScreenTimeManaging.swift in Sources */,
				2085A8E52DF55A2A0011EB9A /* ScheduleSettings.swift in Sources */,
				20A357182F89B58B00535175 /* SharedConstants.swift in Sources */,
				207E14802E9B6A4E00730900 /* NotificationService.swift in Sources */,
				20EB27302E6D06B500FC4BE4 /* SetupCoordinator.swift in Sources */,
				20EB265F2E21A34600FC4BE4 /* ContentViewModel.swift in Sources */,
				20EB273F2E6EE46500FC4BE4 /* SetupLandingView.swift in Sources */,
				20EB268F2E258D5700FC4BE4 /* SettingsViewModel.swift in Sources */,
				2085A8F92DF585A90011EB9A /* ScreenTimeService.swift in Sources */,
				20EB27002E4D5FAA00FC4BE4 /* SessionStatusView.swift in Sources */,
				2085A8E92DF55AA90011EB9A /* AppError.swift in Sources */,
				20D0E5002E7BF74700C8BB70 /* DisableBlockingConfirmationView.swift in Sources */,
				20EB26A82E32BF9100FC4BE4 /* SessionStatusViewModel.swift in Sources */,
				20EB26632E21A3E900FC4BE4 /* HomeView.swift in Sources */,
				20EB26672E21A3F300FC4BE4 /* SettingsView.swift in Sources */,
				207E14842E9B6AC000730900 /* NotificationSettings.swift in Sources */,
			);
		};
		2071C49C2DE43AC800DF737F /* Sources */ = {
			isa = PBXSourcesBuildPhase;
			files = (
				2085A8F12DF55F980011EB9A /* WeekdayTests.swift in Sources */,
				20EB268B2E258CE600FC4BE4 /* SettingsIntegrationTests.swift in Sources */,
				20EB26882E258CDB00FC4BE4 /* SettingsViewModelTests.swift in Sources */,
				20EB26A22E31743F00FC4BE4 /* ContentViewTests.swift in Sources */,
				20EB26A32E31743F00FC4BE4 /* HomeViewTests.swift in Sources */,
				20A359AB2F8B9B2700535175 /* QuickActionsViewModelTests.swift in Sources */,
				20A359AC2F8B9B2700535175 /* SetupCoordinatorTests.swift in Sources */,
				2085A90C2DFACD350011EB9A /* MockScreenTimeServiceTests.swift in Sources */,
				20EB265B2E146E4400FC4BE4 /* MockDataPersistenceServiceTests.swift in Sources */,
				2085A9072DF6D5D20011EB9A /* ScreenTimeServiceTests.swift in Sources */,
				2085A8ED2DF55F7A0011EB9A /* IntentionSessionTests.swift in Sources */,
				20EB26AE2E32BF9D00FC4BE4 /* SessionStatusViewModelTests.swift in Sources */,
				20EB266A2E22F25A00FC4BE4 /* ContentViewModelTests.swift in Sources */,
				206592142DFF50FD00B93819 /* ScreenTimeStatusInfoTests.swift in Sources */,
				20EB26572E1322B200FC4BE4 /* DataPersistenceServiceTests.swift in Sources */,
				2085A8F32DF55FAF0011EB9A /* AppErrorTests.swift in Sources */,
				20A359AE2F8B9B3300535175 /* NotificationSettingsTests.swift in Sources */,
				2085A8EF2DF55F820011EB9A /* ScheduleSettingsTests.swift in Sources */,
				20EB26592E1322C900FC4BE4 /* DataPersistenceIntegrationTests.swift in Sources */,
			);
		};
		2071C4A62DE43AC800DF737F /* Sources */ = {
			isa = PBXSourcesBuildPhase;
			files = (
				2071C4AF2DE43AC800DF737F /* IntentionsUITests.swift in Sources */,
				2071C4B12DE43AC800DF737F /* IntentionsUITestsLaunchTests.swift in Sources */,
			);
		};
		207E14502E90881E00730900 /* Sources */ = {
			isa = PBXSourcesBuildPhase;
			files = (
			);
		};
		207E14652E90883300730900 /* Sources */ = {
			isa = PBXSourcesBuildPhase;
			files = (
			);
		};
		207E14852E9F5D8500730900 /* Sources */ = {
			isa = PBXSourcesBuildPhase;
			files = (
			);
		};
		20EB270F2E6C057700FC4BE4 /* Sources */ = {
			isa = PBXSourcesBuildPhase;
			files = (
				20A357172F89B58B00535175 /* SharedConstants.swift in Sources */,
			);
		};
/* End PBXSourcesBuildPhase section */

/* Begin PBXTargetDependency section */
		2071C4A22DE43AC800DF737F /* PBXTargetDependency */ = {
			isa = PBXTargetDependency;
			target = 2071C48F2DE43AC600DF737F /* Intentions */;
			targetProxy = 2071C4A12DE43AC800DF737F /* PBXContainerItemProxy */;
		};
		2071C4AC2DE43AC800DF737F /* PBXTargetDependency */ = {
			isa = PBXTargetDependency;
			target = 2071C48F2DE43AC600DF737F /* Intentions */;
			targetProxy = 2071C4AB2DE43AC800DF737F /* PBXContainerItemProxy */;
		};
		207E145F2E90881E00730900 /* PBXTargetDependency */ = {
			isa = PBXTargetDependency;
			target = 207E14532E90881E00730900 /* IntentionsShieldConfiguration */;
			targetProxy = 207E145E2E90881E00730900 /* PBXContainerItemProxy */;
		};
		207E14712E90883400730900 /* PBXTargetDependency */ = {
			isa = PBXTargetDependency;
			target = 207E14682E90883300730900 /* IntentionsShieldAction */;
			targetProxy = 207E14702E90883400730900 /* PBXContainerItemProxy */;
		};
		207E14922E9F5D8600730900 /* PBXTargetDependency */ = {
			isa = PBXTargetDependency;
			target = 207E14882E9F5D8500730900 /* IntentionsDeviceActivityMonitor */;
			targetProxy = 207E14912E9F5D8600730900 /* PBXContainerItemProxy */;
		};
		20EB27252E6C057B00FC4BE4 /* PBXTargetDependency */ = {
			isa = PBXTargetDependency;
			target = 20EB27122E6C057700FC4BE4 /* IntentionsWidgetExtension */;
			targetProxy = 20EB27242E6C057B00FC4BE4 /* PBXContainerItemProxy */;
		};
/* End PBXTargetDependency section */

/* Begin XCBuildConfiguration section */
		2071C4B22DE43AC800DF737F /* Debug configuration for PBXProject "Intentions" */ = {
			isa = XCBuildConfiguration;
			buildSettings = {
				ALWAYS_SEARCH_USER_PATHS = NO;
				ASSETCATALOG_COMPILER_GENERATE_SWIFT_ASSET_SYMBOL_EXTENSIONS = YES;
				CLANG_ANALYZER_NONNULL = YES;
				CLANG_ANALYZER_NUMBER_OBJECT_CONVERSION = YES_AGGRESSIVE;
				CLANG_CXX_LANGUAGE_STANDARD = "gnu++20";
				CLANG_ENABLE_MODULES = YES;
				CLANG_ENABLE_OBJC_ARC = YES;
				CLANG_ENABLE_OBJC_WEAK = YES;
				CLANG_WARN_BLOCK_CAPTURE_AUTORELEASING = YES;
				CLANG_WARN_BOOL_CONVERSION = YES;
				CLANG_WARN_COMMA = YES;
				CLANG_WARN_CONSTANT_CONVERSION = YES;
				CLANG_WARN_DEPRECATED_OBJC_IMPLEMENTATIONS = YES;
				CLANG_WARN_DIRECT_OBJC_ISA_USAGE = YES_ERROR;
				CLANG_WARN_DOCUMENTATION_COMMENTS = YES;
				CLANG_WARN_EMPTY_BODY = YES;
				CLANG_WARN_ENUM_CONVERSION = YES;
				CLANG_WARN_INFINITE_RECURSION = YES;
				CLANG_WARN_INT_CONVERSION = YES;
				CLANG_WARN_NON_LITERAL_NULL_CONVERSION = YES;
				CLANG_WARN_OBJC_IMPLICIT_RETAIN_SELF = YES;
				CLANG_WARN_OBJC_LITERAL_CONVERSION = YES;
				CLANG_WARN_OBJC_ROOT_CLASS = YES_ERROR;
				CLANG_WARN_QUOTED_INCLUDE_IN_FRAMEWORK_HEADER = YES;
				CLANG_WARN_RANGE_LOOP_ANALYSIS = YES;
				CLANG_WARN_STRICT_PROTOTYPES = YES;
				CLANG_WARN_SUSPICIOUS_MOVE = YES;
				CLANG_WARN_UNGUARDED_AVAILABILITY = YES_AGGRESSIVE;
				CLANG_WARN_UNREACHABLE_CODE = YES;
				CLANG_WARN__DUPLICATE_METHOD_MATCH = YES;
				CODE_SIGN_IDENTITY = "Apple Development";
				COPY_PHASE_STRIP = NO;
				DEBUG_INFORMATION_FORMAT = dwarf;
				DEVELOPMENT_TEAM = QUR55L9SP5;
				ENABLE_STRICT_OBJC_MSGSEND = YES;
				ENABLE_TESTABILITY = YES;
				ENABLE_USER_SCRIPT_SANDBOXING = YES;
				GCC_C_LANGUAGE_STANDARD = gnu17;
				GCC_DYNAMIC_NO_PIC = NO;
				GCC_NO_COMMON_BLOCKS = YES;
				GCC_OPTIMIZATION_LEVEL = 0;
				GCC_PREPROCESSOR_DEFINITIONS = (
					"DEBUG=1",
					"$(inherited)",
				);
				GCC_WARN_64_TO_32_BIT_CONVERSION = YES;
				GCC_WARN_ABOUT_RETURN_TYPE = YES_ERROR;
				GCC_WARN_UNDECLARED_SELECTOR = YES;
				GCC_WARN_UNINITIALIZED_AUTOS = YES_AGGRESSIVE;
				GCC_WARN_UNUSED_FUNCTION = YES;
				GCC_WARN_UNUSED_VARIABLE = YES;
				IPHONEOS_DEPLOYMENT_TARGET = 26.0;
				LOCALIZATION_PREFERS_STRING_CATALOGS = YES;
				MTL_ENABLE_DEBUG_INFO = INCLUDE_SOURCE;
				MTL_FAST_MATH = YES;
				ONLY_ACTIVE_ARCH = YES;
				SDKROOT = iphoneos;
				SWIFT_ACTIVE_COMPILATION_CONDITIONS = "DEBUG $(inherited)";
				SWIFT_OPTIMIZATION_LEVEL = "-Onone";
				SWIFT_VERSION = 6.0;
			};
			name = Debug;
		};
		2071C4B32DE43AC800DF737F /* Release configuration for PBXProject "Intentions" */ = {
			isa = XCBuildConfiguration;
			buildSettings = {
				ALWAYS_SEARCH_USER_PATHS = NO;
				ASSETCATALOG_COMPILER_GENERATE_SWIFT_ASSET_SYMBOL_EXTENSIONS = YES;
				CLANG_ANALYZER_NONNULL = YES;
				CLANG_ANALYZER_NUMBER_OBJECT_CONVERSION = YES_AGGRESSIVE;
				CLANG_CXX_LANGUAGE_STANDARD = "gnu++20";
				CLANG_ENABLE_MODULES = YES;
				CLANG_ENABLE_OBJC_ARC = YES;
				CLANG_ENABLE_OBJC_WEAK = YES;
				CLANG_WARN_BLOCK_CAPTURE_AUTORELEASING = YES;
				CLANG_WARN_BOOL_CONVERSION = YES;
				CLANG_WARN_COMMA = YES;
				CLANG_WARN_CONSTANT_CONVERSION = YES;
				CLANG_WARN_DEPRECATED_OBJC_IMPLEMENTATIONS = YES;
				CLANG_WARN_DIRECT_OBJC_ISA_USAGE = YES_ERROR;
				CLANG_WARN_DOCUMENTATION_COMMENTS = YES;
				CLANG_WARN_EMPTY_BODY = YES;
				CLANG_WARN_ENUM_CONVERSION = YES;
				CLANG_WARN_INFINITE_RECURSION = YES;
				CLANG_WARN_INT_CONVERSION = YES;
				CLANG_WARN_NON_LITERAL_NULL_CONVERSION = YES;
				CLANG_WARN_OBJC_IMPLICIT_RETAIN_SELF = YES;
				CLANG_WARN_OBJC_LITERAL_CONVERSION = YES;
				CLANG_WARN_OBJC_ROOT_CLASS = YES_ERROR;
				CLANG_WARN_QUOTED_INCLUDE_IN_FRAMEWORK_HEADER = YES;
				CLANG_WARN_RANGE_LOOP_ANALYSIS = YES;
				CLANG_WARN_STRICT_PROTOTYPES = YES;
				CLANG_WARN_SUSPICIOUS_MOVE = YES;
				CLANG_WARN_UNGUARDED_AVAILABILITY = YES_AGGRESSIVE;
				CLANG_WARN_UNREACHABLE_CODE = YES;
				CLANG_WARN__DUPLICATE_METHOD_MATCH = YES;
				CODE_SIGN_IDENTITY = "Apple Development";
				COPY_PHASE_STRIP = NO;
				DEBUG_INFORMATION_FORMAT = "dwarf-with-dsym";
				DEVELOPMENT_TEAM = QUR55L9SP5;
				"DYLIB_CURRENT_VERSION[arch=*]" = "";
				ENABLE_NS_ASSERTIONS = NO;
				ENABLE_STRICT_OBJC_MSGSEND = YES;
				ENABLE_USER_SCRIPT_SANDBOXING = YES;
				GCC_C_LANGUAGE_STANDARD = gnu17;
				GCC_NO_COMMON_BLOCKS = YES;
				GCC_WARN_64_TO_32_BIT_CONVERSION = YES;
				GCC_WARN_ABOUT_RETURN_TYPE = YES_ERROR;
				GCC_WARN_UNDECLARED_SELECTOR = YES;
				GCC_WARN_UNINITIALIZED_AUTOS = YES_AGGRESSIVE;
				GCC_WARN_UNUSED_FUNCTION = YES;
				GCC_WARN_UNUSED_VARIABLE = YES;
				IPHONEOS_DEPLOYMENT_TARGET = 26.0;
				LOCALIZATION_PREFERS_STRING_CATALOGS = YES;
				MTL_ENABLE_DEBUG_INFO = NO;
				MTL_FAST_MATH = YES;
				SDKROOT = iphoneos;
				SWIFT_COMPILATION_MODE = wholemodule;
				SWIFT_VERSION = 6.0;
				VALIDATE_PRODUCT = YES;
			};
			name = Release;
		};
		2071C4B52DE43AC800DF737F /* Debug configuration for PBXNativeTarget "Intentions" */ = {
			isa = XCBuildConfiguration;
			buildSettings = {
				ASSETCATALOG_COMPILER_APPICON_NAME = AppIcon;
				ASSETCATALOG_COMPILER_GLOBAL_ACCENT_COLOR_NAME = AccentColor;
				CODE_SIGN_ENTITLEMENTS = Intentions/Intentions.entitlements;
				CODE_SIGN_STYLE = Automatic;
				CURRENT_PROJECT_VERSION = 93;
				DEVELOPMENT_ASSET_PATHS = "\"Intentions/Preview Content\"";
				ENABLE_PREVIEWS = YES;
				GENERATE_INFOPLIST_FILE = YES;
				INFOPLIST_FILE = Intentions/Info.plist;
				INFOPLIST_KEY_CFBundleDisplayName = Intent;
				INFOPLIST_KEY_LSApplicationCategoryType = "public.app-category.productivity";
				INFOPLIST_KEY_UIApplicationSceneManifest_Generation = YES;
				INFOPLIST_KEY_UIApplicationSupportsIndirectInputEvents = YES;
				INFOPLIST_KEY_UILaunchScreen_Generation = YES;
				INFOPLIST_KEY_UISupportedInterfaceOrientations_iPad = "UIInterfaceOrientationPortrait UIInterfaceOrientationPortraitUpsideDown UIInterfaceOrientationLandscapeLeft UIInterfaceOrientationLandscapeRight";
				INFOPLIST_KEY_UISupportedInterfaceOrientations_iPhone = "UIInterfaceOrientationPortrait UIInterfaceOrientationLandscapeLeft UIInterfaceOrientationLandscapeRight";
				LD_RUNPATH_SEARCH_PATHS = (
					"$(inherited)",
					"@executable_path/Frameworks",
				);
				MARKETING_VERSION = 1.1;
				PRODUCT_BUNDLE_IDENTIFIER = oh.Intent;
				PRODUCT_NAME = "$(TARGET_NAME)";
				SWIFT_EMIT_LOC_STRINGS = YES;
				SWIFT_VERSION = 6.0;
				TARGETED_DEVICE_FAMILY = "1,2";
			};
			name = Debug;
		};
		2071C4B62DE43AC800DF737F /* Release configuration for PBXNativeTarget "Intentions" */ = {
			isa = XCBuildConfiguration;
			buildSettings = {
				ASSETCATALOG_COMPILER_APPICON_NAME = AppIcon;
				ASSETCATALOG_COMPILER_GLOBAL_ACCENT_COLOR_NAME = AccentColor;
				CODE_SIGN_ENTITLEMENTS = Intentions/Intentions.entitlements;
				CODE_SIGN_STYLE = Automatic;
				CURRENT_PROJECT_VERSION = 93;
				DEVELOPMENT_ASSET_PATHS = "\"Intentions/Preview Content\"";
				ENABLE_PREVIEWS = YES;
				GENERATE_INFOPLIST_FILE = YES;
				INFOPLIST_FILE = Intentions/Info.plist;
				INFOPLIST_KEY_CFBundleDisplayName = Intent;
				INFOPLIST_KEY_LSApplicationCategoryType = "public.app-category.productivity";
				INFOPLIST_KEY_UIApplicationSceneManifest_Generation = YES;
				INFOPLIST_KEY_UIApplicationSupportsIndirectInputEvents = YES;
				INFOPLIST_KEY_UILaunchScreen_Generation = YES;
				INFOPLIST_KEY_UISupportedInterfaceOrientations_iPad = "UIInterfaceOrientationPortrait UIInterfaceOrientationPortraitUpsideDown UIInterfaceOrientationLandscapeLeft UIInterfaceOrientationLandscapeRight";
				INFOPLIST_KEY_UISupportedInterfaceOrientations_iPhone = "UIInterfaceOrientationPortrait UIInterfaceOrientationLandscapeLeft UIInterfaceOrientationLandscapeRight";
				LD_RUNPATH_SEARCH_PATHS = (
					"$(inherited)",
					"@executable_path/Frameworks",
				);
				MARKETING_VERSION = 1.1;
				PRODUCT_BUNDLE_IDENTIFIER = oh.Intent;
				PRODUCT_NAME = "$(TARGET_NAME)";
				SWIFT_EMIT_LOC_STRINGS = YES;
				SWIFT_VERSION = 6.0;
				TARGETED_DEVICE_FAMILY = "1,2";
			};
			name = Release;
		};
		2071C4B82DE43AC800DF737F /* Debug configuration for PBXNativeTarget "IntentionsTests" */ = {
			isa = XCBuildConfiguration;
			buildSettings = {
				BUNDLE_LOADER = "$(TEST_HOST)";
				CODE_SIGN_STYLE = Automatic;
				CURRENT_PROJECT_VERSION = 93;
				GENERATE_INFOPLIST_FILE = YES;
				IPHONEOS_DEPLOYMENT_TARGET = 26.0;
				MACH_O_TYPE = mh_bundle;
				MARKETING_VERSION = 1.1;
				PRODUCT_BUNDLE_IDENTIFIER = oh.IntentTests;
				PRODUCT_NAME = "$(TARGET_NAME)";
				SWIFT_EMIT_LOC_STRINGS = NO;
				SWIFT_VERSION = 6.0;
				TARGETED_DEVICE_FAMILY = "1,2";
				TEST_HOST = "$(BUILT_PRODUCTS_DIR)/Intentions.app/$(BUNDLE_EXECUTABLE_FOLDER_PATH)/Intentions";
			};
			name = Debug;
		};
		2071C4B92DE43AC800DF737F /* Release configuration for PBXNativeTarget "IntentionsTests" */ = {
			isa = XCBuildConfiguration;
			buildSettings = {
				BUNDLE_LOADER = "$(TEST_HOST)";
				CODE_SIGN_IDENTITY = "Apple Development";
				CODE_SIGN_STYLE = Automatic;
				CURRENT_PROJECT_VERSION = 93;
				DEVELOPMENT_TEAM = QUR55L9SP5;
				GENERATE_INFOPLIST_FILE = YES;
				IPHONEOS_DEPLOYMENT_TARGET = 26.0;
				MACH_O_TYPE = mh_bundle;
				MARKETING_VERSION = 1.1;
				PRODUCT_BUNDLE_IDENTIFIER = oh.IntentTests;
				PRODUCT_NAME = "$(TARGET_NAME)";
				PROVISIONING_PROFILE_SPECIFIER = "";
				SWIFT_EMIT_LOC_STRINGS = NO;
				SWIFT_VERSION = 6.0;
				TARGETED_DEVICE_FAMILY = "1,2";
				TEST_HOST = "$(BUILT_PRODUCTS_DIR)/Intentions.app/$(BUNDLE_EXECUTABLE_FOLDER_PATH)/Intentions";
			};
			name = Release;
		};
		2071C4BB2DE43AC800DF737F /* Debug configuration for PBXNativeTarget "IntentionsUITests" */ = {
			isa = XCBuildConfiguration;
			buildSettings = {
				CODE_SIGN_STYLE = Automatic;
				CURRENT_PROJECT_VERSION = 93;
				GENERATE_INFOPLIST_FILE = YES;
				MARKETING_VERSION = 1.1;
				PRODUCT_BUNDLE_IDENTIFIER = oh.IntentUITests;
				PRODUCT_NAME = "$(TARGET_NAME)";
				SWIFT_EMIT_LOC_STRINGS = NO;
				SWIFT_VERSION = 6.0;
				TARGETED_DEVICE_FAMILY = "1,2";
				TEST_TARGET_NAME = Intentions;
			};
			name = Debug;
		};
		2071C4BC2DE43AC800DF737F /* Release configuration for PBXNativeTarget "IntentionsUITests" */ = {
			isa = XCBuildConfiguration;
			buildSettings = {
				CODE_SIGN_STYLE = Automatic;
				CURRENT_PROJECT_VERSION = 93;
				GENERATE_INFOPLIST_FILE = YES;
				MARKETING_VERSION = 1.1;
				PRODUCT_BUNDLE_IDENTIFIER = oh.IntentUITests;
				PRODUCT_NAME = "$(TARGET_NAME)";
				SWIFT_EMIT_LOC_STRINGS = NO;
				SWIFT_VERSION = 6.0;
				TARGETED_DEVICE_FAMILY = "1,2";
				TEST_TARGET_NAME = Intentions;
			};
			name = Release;
		};
		207E14632E90881E00730900 /* Debug configuration for PBXNativeTarget "IntentionsShieldConfiguration" */ = {
			isa = XCBuildConfiguration;
			buildSettings = {
				CODE_SIGN_ENTITLEMENTS = IntentionsShieldConfiguration/IntentionsShieldConfiguration.entitlements;
				CODE_SIGN_STYLE = Automatic;
				CURRENT_PROJECT_VERSION = 93;
				GENERATE_INFOPLIST_FILE = YES;
				INFOPLIST_FILE = IntentionsShieldConfiguration/Info.plist;
				INFOPLIST_KEY_CFBundleDisplayName = IntentShieldConfiguration;
				INFOPLIST_KEY_NSHumanReadableCopyright = "";
				IPHONEOS_DEPLOYMENT_TARGET = 26.0;
				LD_RUNPATH_SEARCH_PATHS = (
					"$(inherited)",
					"@executable_path/Frameworks",
					"@executable_path/../../Frameworks",
				);
				MARKETING_VERSION = 1.1;
				PRODUCT_BUNDLE_IDENTIFIER = oh.Intent.IntentShieldConfiguration;
				PRODUCT_NAME = "$(TARGET_NAME)";
				SKIP_INSTALL = YES;
				SWIFT_EMIT_LOC_STRINGS = YES;
				SWIFT_VERSION = 6.0;
				TARGETED_DEVICE_FAMILY = "1,2";
			};
			name = Debug;
		};
		207E14642E90881E00730900 /* Release configuration for PBXNativeTarget "IntentionsShieldConfiguration" */ = {
			isa = XCBuildConfiguration;
			buildSettings = {
				CODE_SIGN_ENTITLEMENTS = IntentionsShieldConfiguration/IntentionsShieldConfiguration.entitlements;
				CODE_SIGN_STYLE = Automatic;
				CURRENT_PROJECT_VERSION = 93;
				GENERATE_INFOPLIST_FILE = YES;
				INFOPLIST_FILE = IntentionsShieldConfiguration/Info.plist;
				INFOPLIST_KEY_CFBundleDisplayName = IntentShieldConfiguration;
				INFOPLIST_KEY_NSHumanReadableCopyright = "";
				IPHONEOS_DEPLOYMENT_TARGET = 26.0;
				LD_RUNPATH_SEARCH_PATHS = (
					"$(inherited)",
					"@executable_path/Frameworks",
					"@executable_path/../../Frameworks",
				);
				MARKETING_VERSION = 1.1;
				PRODUCT_BUNDLE_IDENTIFIER = oh.Intent.ShieldConfiguration;
				PRODUCT_NAME = "$(TARGET_NAME)";
				SKIP_INSTALL = YES;
				SWIFT_EMIT_LOC_STRINGS = YES;
				SWIFT_VERSION = 6.0;
				TARGETED_DEVICE_FAMILY = "1,2";
			};
			name = Release;
		};
		207E14752E90883400730900 /* Debug configuration for PBXNativeTarget "IntentionsShieldAction" */ = {
			isa = XCBuildConfiguration;
			buildSettings = {
				CODE_SIGN_ENTITLEMENTS = IntentionsShieldAction/IntentionsShieldAction.entitlements;
				CODE_SIGN_STYLE = Automatic;
				CURRENT_PROJECT_VERSION = 93;
				GENERATE_INFOPLIST_FILE = YES;
				INFOPLIST_FILE = IntentionsShieldAction/Info.plist;
				INFOPLIST_KEY_CFBundleDisplayName = IntentShieldAction;
				INFOPLIST_KEY_NSHumanReadableCopyright = "";
				IPHONEOS_DEPLOYMENT_TARGET = 26.0;
				LD_RUNPATH_SEARCH_PATHS = (
					"$(inherited)",
					"@executable_path/Frameworks",
					"@executable_path/../../Frameworks",
				);
				MARKETING_VERSION = 1.1;
				PRODUCT_BUNDLE_IDENTIFIER = oh.Intent.IntentShieldAction;
				PRODUCT_NAME = "$(TARGET_NAME)";
				SKIP_INSTALL = YES;
				SWIFT_EMIT_LOC_STRINGS = YES;
				SWIFT_VERSION = 6.0;
				TARGETED_DEVICE_FAMILY = "1,2";
			};
			name = Debug;
		};
		207E14762E90883400730900 /* Release configuration for PBXNativeTarget "IntentionsShieldAction" */ = {
			isa = XCBuildConfiguration;
			buildSettings = {
				CODE_SIGN_ENTITLEMENTS = IntentionsShieldAction/IntentionsShieldAction.entitlements;
				CODE_SIGN_STYLE = Automatic;
				CURRENT_PROJECT_VERSION = 93;
				GENERATE_INFOPLIST_FILE = YES;
				INFOPLIST_FILE = IntentionsShieldAction/Info.plist;
				INFOPLIST_KEY_CFBundleDisplayName = IntentShieldAction;
				INFOPLIST_KEY_NSHumanReadableCopyright = "";
				IPHONEOS_DEPLOYMENT_TARGET = 26.0;
				LD_RUNPATH_SEARCH_PATHS = (
					"$(inherited)",
					"@executable_path/Frameworks",
					"@executable_path/../../Frameworks",
				);
				MARKETING_VERSION = 1.1;
				PRODUCT_BUNDLE_IDENTIFIER = oh.Intent.ShieldAction;
				PRODUCT_NAME = "$(TARGET_NAME)";
				SKIP_INSTALL = YES;
				SWIFT_EMIT_LOC_STRINGS = YES;
				SWIFT_VERSION = 6.0;
				TARGETED_DEVICE_FAMILY = "1,2";
			};
			name = Release;
		};
		207E14962E9F5D8600730900 /* Debug configuration for PBXNativeTarget "IntentionsDeviceActivityMonitor" */ = {
			isa = XCBuildConfiguration;
			buildSettings = {
				CODE_SIGN_ENTITLEMENTS = IntentionsDeviceActivityMonitor/IntentionsDeviceActivityMonitor.entitlements;
				CODE_SIGN_STYLE = Automatic;
				CURRENT_PROJECT_VERSION = 93;
				GENERATE_INFOPLIST_FILE = YES;
				INFOPLIST_FILE = IntentionsDeviceActivityMonitor/Info.plist;
				INFOPLIST_KEY_CFBundleDisplayName = IntentDeviceActivityMonitor;
				INFOPLIST_KEY_NSHumanReadableCopyright = "";
				IPHONEOS_DEPLOYMENT_TARGET = 26.0;
				LD_RUNPATH_SEARCH_PATHS = (
					"$(inherited)",
					"@executable_path/Frameworks",
					"@executable_path/../../Frameworks",
				);
				MARKETING_VERSION = 1.1;
				PRODUCT_BUNDLE_IDENTIFIER = oh.Intent.IntentDeviceActivityMonitor;
				PRODUCT_NAME = "$(TARGET_NAME)";
				SKIP_INSTALL = YES;
				SWIFT_EMIT_LOC_STRINGS = YES;
				SWIFT_VERSION = 6.0;
				TARGETED_DEVICE_FAMILY = "1,2";
			};
			name = Debug;
		};
		207E14972E9F5D8600730900 /* Release configuration for PBXNativeTarget "IntentionsDeviceActivityMonitor" */ = {
			isa = XCBuildConfiguration;
			buildSettings = {
				CODE_SIGN_ENTITLEMENTS = IntentionsDeviceActivityMonitor/IntentionsDeviceActivityMonitor.entitlements;
				CODE_SIGN_STYLE = Automatic;
				CURRENT_PROJECT_VERSION = 93;
				GENERATE_INFOPLIST_FILE = YES;
				INFOPLIST_FILE = IntentionsDeviceActivityMonitor/Info.plist;
				INFOPLIST_KEY_CFBundleDisplayName = IntentDeviceActivityMonitor;
				INFOPLIST_KEY_NSHumanReadableCopyright = "";
				IPHONEOS_DEPLOYMENT_TARGET = 26.0;
				LD_RUNPATH_SEARCH_PATHS = (
					"$(inherited)",
					"@executable_path/Frameworks",
					"@executable_path/../../Frameworks",
				);
				MARKETING_VERSION = 1.1;
				PRODUCT_BUNDLE_IDENTIFIER = oh.Intent.DeviceActivity;
				PRODUCT_NAME = "$(TARGET_NAME)";
				SKIP_INSTALL = YES;
				SWIFT_EMIT_LOC_STRINGS = YES;
				SWIFT_VERSION = 6.0;
				TARGETED_DEVICE_FAMILY = "1,2";
			};
			name = Release;
		};
		20EB27292E6C057B00FC4BE4 /* Debug configuration for PBXNativeTarget "IntentionsWidgetExtension" */ = {
			isa = XCBuildConfiguration;
			buildSettings = {
				ASSETCATALOG_COMPILER_GLOBAL_ACCENT_COLOR_NAME = AccentColor;
				ASSETCATALOG_COMPILER_WIDGET_BACKGROUND_COLOR_NAME = WidgetBackground;
				CODE_SIGN_ENTITLEMENTS = IntentionsWidgetExtension.entitlements;
				CODE_SIGN_STYLE = Automatic;
				CURRENT_PROJECT_VERSION = 93;
				GENERATE_INFOPLIST_FILE = YES;
				INFOPLIST_FILE = IntentionsWidget/Info.plist;
				INFOPLIST_KEY_CFBundleDisplayName = IntentWidget;
				INFOPLIST_KEY_NSHumanReadableCopyright = "";
				IPHONEOS_DEPLOYMENT_TARGET = 26.0;
				LD_RUNPATH_SEARCH_PATHS = (
					"$(inherited)",
					"@executable_path/Frameworks",
					"@executable_path/../../Frameworks",
				);
				MARKETING_VERSION = 1.1;
				PRODUCT_BUNDLE_IDENTIFIER = oh.Intent.IntentWidget;
				PRODUCT_NAME = "$(TARGET_NAME)";
				SKIP_INSTALL = YES;
				SWIFT_EMIT_LOC_STRINGS = YES;
				SWIFT_VERSION = 6.0;
				TARGETED_DEVICE_FAMILY = "1,2";
			};
			name = Debug;
		};
		20EB272A2E6C057B00FC4BE4 /* Release configuration for PBXNativeTarget "IntentionsWidgetExtension" */ = {
			isa = XCBuildConfiguration;
			buildSettings = {
				ASSETCATALOG_COMPILER_GLOBAL_ACCENT_COLOR_NAME = AccentColor;
				ASSETCATALOG_COMPILER_WIDGET_BACKGROUND_COLOR_NAME = WidgetBackground;
				CODE_SIGN_ENTITLEMENTS = IntentionsWidgetExtension.entitlements;
				CODE_SIGN_STYLE = Automatic;
				CURRENT_PROJECT_VERSION = 93;
				GENERATE_INFOPLIST_FILE = YES;
				INFOPLIST_FILE = IntentionsWidget/Info.plist;
				INFOPLIST_KEY_CFBundleDisplayName = IntentWidget;
				INFOPLIST_KEY_NSHumanReadableCopyright = "";
				IPHONEOS_DEPLOYMENT_TARGET = 26.0;
				LD_RUNPATH_SEARCH_PATHS = (
					"$(inherited)",
					"@executable_path/Frameworks",
					"@executable_path/../../Frameworks",
				);
				MARKETING_VERSION = 1.1;
				PRODUCT_BUNDLE_IDENTIFIER = oh.Intent.IntentWidget;
				PRODUCT_NAME = "$(TARGET_NAME)";
				SKIP_INSTALL = YES;
				SWIFT_EMIT_LOC_STRINGS = YES;
				SWIFT_VERSION = 6.0;
				TARGETED_DEVICE_FAMILY = "1,2";
			};
			name = Release;
		};
/* End XCBuildConfiguration section */

/* Begin XCConfigurationList section */
		2071C48B2DE43AC600DF737F /* Build configuration list for PBXProject "Intentions" */ = {
			isa = XCConfigurationList;
			buildConfigurations = (
				2071C4B22DE43AC800DF737F /* Debug configuration for PBXProject "Intentions" */,
				2071C4B32DE43AC800DF737F /* Release configuration for PBXProject "Intentions" */,
			);
			defaultConfigurationName = Release;
		};
		2071C4B42DE43AC800DF737F /* Build configuration list for PBXNativeTarget "Intentions" */ = {
			isa = XCConfigurationList;
			buildConfigurations = (
				2071C4B52DE43AC800DF737F /* Debug configuration for PBXNativeTarget "Intentions" */,
				2071C4B62DE43AC800DF737F /* Release configuration for PBXNativeTarget "Intentions" */,
			);
			defaultConfigurationName = Release;
		};
		2071C4B72DE43AC800DF737F /* Build configuration list for PBXNativeTarget "IntentionsTests" */ = {
			isa = XCConfigurationList;
			buildConfigurations = (
				2071C4B82DE43AC800DF737F /* Debug configuration for PBXNativeTarget "IntentionsTests" */,
				2071C4B92DE43AC800DF737F /* Release configuration for PBXNativeTarget "IntentionsTests" */,
			);
			defaultConfigurationName = Release;
		};
		2071C4BA2DE43AC800DF737F /* Build configuration list for PBXNativeTarget "IntentionsUITests" */ = {
			isa = XCConfigurationList;
			buildConfigurations = (
				2071C4BB2DE43AC800DF737F /* Debug configuration for PBXNativeTarget "IntentionsUITests" */,
				2071C4BC2DE43AC800DF737F /* Release configuration for PBXNativeTarget "IntentionsUITests" */,
			);
			defaultConfigurationName = Release;
		};
		207E14622E90881E00730900 /* Build configuration list for PBXNativeTarget "IntentionsShieldConfiguration" */ = {
			isa = XCConfigurationList;
			buildConfigurations = (
				207E14632E90881E00730900 /* Debug configuration for PBXNativeTarget "IntentionsShieldConfiguration" */,
				207E14642E90881E00730900 /* Release configuration for PBXNativeTarget "IntentionsShieldConfiguration" */,
			);
			defaultConfigurationName = Release;
		};
		207E14742E90883400730900 /* Build configuration list for PBXNativeTarget "IntentionsShieldAction" */ = {
			isa = XCConfigurationList;
			buildConfigurations = (
				207E14752E90883400730900 /* Debug configuration for PBXNativeTarget "IntentionsShieldAction" */,
				207E14762E90883400730900 /* Release configuration for PBXNativeTarget "IntentionsShieldAction" */,
			);
			defaultConfigurationName = Release;
		};
		207E14952E9F5D8600730900 /* Build configuration list for PBXNativeTarget "IntentionsDeviceActivityMonitor" */ = {
			isa = XCConfigurationList;
			buildConfigurations = (
				207E14962E9F5D8600730900 /* Debug configuration for PBXNativeTarget "IntentionsDeviceActivityMonitor" */,
				207E14972E9F5D8600730900 /* Release configuration for PBXNativeTarget "IntentionsDeviceActivityMonitor" */,
			);
			defaultConfigurationName = Release;
		};
		20EB27282E6C057B00FC4BE4 /* Build configuration list for PBXNativeTarget "IntentionsWidgetExtension" */ = {
			isa = XCConfigurationList;
			buildConfigurations = (
				20EB27292E6C057B00FC4BE4 /* Debug configuration for PBXNativeTarget "IntentionsWidgetExtension" */,
				20EB272A2E6C057B00FC4BE4 /* Release configuration for PBXNativeTarget "IntentionsWidgetExtension" */,
			);
			defaultConfigurationName = Release;
		};
/* End XCConfigurationList section */
	};
	rootObject = 2071C4882DE43AC600DF737F /* Project object */;
}
